// !$*UTF8*$!
{
	archiveVersion = 1;
	classes = {
	};
	objectVersion = 50;
	objects = {

/* Begin PBXFileReference section */
		F71D25E422DDA8660057D305 /* install-mac.sh */ = {isa = PBXFileReference; fileEncoding = 4; lastKnownFileType = text.script.sh; path = "install-mac.sh"; sourceTree = "<group>"; };
		F71D25E522DDA8660057D305 /* set_git.sh */ = {isa = PBXFileReference; fileEncoding = 4; lastKnownFileType = text.script.sh; path = set_git.sh; sourceTree = "<group>"; };
		F71D25E622DDA8660057D305 /* install-linux.sh */ = {isa = PBXFileReference; fileEncoding = 4; lastKnownFileType = text.script.sh; path = "install-linux.sh"; sourceTree = "<group>"; };
		F71D25E822DDA8660057D305 /* kalman_filter.cpp */ = {isa = PBXFileReference; fileEncoding = 4; lastKnownFileType = sourcecode.cpp.cpp; path = kalman_filter.cpp; sourceTree = "<group>"; };
		F71D25E922DDA8660057D305 /* FusionEKF.cpp */ = {isa = PBXFileReference; fileEncoding = 4; lastKnownFileType = sourcecode.cpp.cpp; path = FusionEKF.cpp; sourceTree = "<group>"; };
		F71D25EA22DDA8660057D305 /* FusionEKF.h */ = {isa = PBXFileReference; fileEncoding = 4; lastKnownFileType = sourcecode.c.h; path = FusionEKF.h; sourceTree = "<group>"; };
		F71D25EB22DDA8660057D305 /* json.hpp */ = {isa = PBXFileReference; fileEncoding = 4; lastKnownFileType = sourcecode.cpp.h; path = json.hpp; sourceTree = "<group>"; };
		F71D25ED22DDA8660057D305 /* CholmodSupport */ = {isa = PBXFileReference; fileEncoding = 4; lastKnownFileType = text; path = CholmodSupport; sourceTree = "<group>"; };
		F71D25EE22DDA8660057D305 /* StdVector */ = {isa = PBXFileReference; fileEncoding = 4; lastKnownFileType = text; path = StdVector; sourceTree = "<group>"; };
		F71D25EF22DDA8660057D305 /* StdDeque */ = {isa = PBXFileReference; fileEncoding = 4; lastKnownFileType = text; path = StdDeque; sourceTree = "<group>"; };
		F71D25F022DDA8660057D305 /* CMakeLists.txt */ = {isa = PBXFileReference; fileEncoding = 4; lastKnownFileType = text; path = CMakeLists.txt; sourceTree = "<group>"; };
		F71D25F122DDA8660057D305 /* Core */ = {isa = PBXFileReference; fileEncoding = 4; lastKnownFileType = text; path = Core; sourceTree = "<group>"; };
		F71D25F222DDA8660057D305 /* SparseLU */ = {isa = PBXFileReference; fileEncoding = 4; lastKnownFileType = text; path = SparseLU; sourceTree = "<group>"; };
		F71D25F322DDA8660057D305 /* OrderingMethods */ = {isa = PBXFileReference; fileEncoding = 4; lastKnownFileType = text; path = OrderingMethods; sourceTree = "<group>"; };
		F71D25F422DDA8660057D305 /* Array */ = {isa = PBXFileReference; fileEncoding = 4; lastKnownFileType = text; path = Array; sourceTree = "<group>"; };
		F71D25F522DDA8660057D305 /* QtAlignedMalloc */ = {isa = PBXFileReference; fileEncoding = 4; lastKnownFileType = text; path = QtAlignedMalloc; sourceTree = "<group>"; };
		F71D25F622DDA8660057D305 /* Householder */ = {isa = PBXFileReference; fileEncoding = 4; lastKnownFileType = text; path = Householder; sourceTree = "<group>"; };
		F71D25F722DDA8660057D305 /* PardisoSupport */ = {isa = PBXFileReference; fileEncoding = 4; lastKnownFileType = text; path = PardisoSupport; sourceTree = "<group>"; };
		F71D25F822DDA8660057D305 /* LeastSquares */ = {isa = PBXFileReference; fileEncoding = 4; lastKnownFileType = text; path = LeastSquares; sourceTree = "<group>"; };
		F71D25F922DDA8660057D305 /* SparseCore */ = {isa = PBXFileReference; fileEncoding = 4; lastKnownFileType = text; path = SparseCore; sourceTree = "<group>"; };
		F71D25FA22DDA8660057D305 /* Jacobi */ = {isa = PBXFileReference; fileEncoding = 4; lastKnownFileType = text; path = Jacobi; sourceTree = "<group>"; };
		F71D25FB22DDA8660057D305 /* Dense */ = {isa = PBXFileReference; fileEncoding = 4; lastKnownFileType = text; path = Dense; sourceTree = "<group>"; };
		F71D25FC22DDA8660057D305 /* SPQRSupport */ = {isa = PBXFileReference; fileEncoding = 4; lastKnownFileType = text; path = SPQRSupport; sourceTree = "<group>"; };
		F71D25FD22DDA8660057D305 /* QR */ = {isa = PBXFileReference; fileEncoding = 4; lastKnownFileType = text; path = QR; sourceTree = "<group>"; };
		F71D25FE22DDA8660057D305 /* Eigen */ = {isa = PBXFileReference; fileEncoding = 4; lastKnownFileType = text; path = Eigen; sourceTree = "<group>"; };
		F71D25FF22DDA8660057D305 /* Eigen2Support */ = {isa = PBXFileReference; fileEncoding = 4; lastKnownFileType = text; path = Eigen2Support; sourceTree = "<group>"; };
		F71D260022DDA8660057D305 /* SparseQR */ = {isa = PBXFileReference; fileEncoding = 4; lastKnownFileType = text; path = SparseQR; sourceTree = "<group>"; };
		F71D260122DDA8660057D305 /* SVD */ = {isa = PBXFileReference; fileEncoding = 4; lastKnownFileType = text; path = SVD; sourceTree = "<group>"; };
		F71D260222DDA8660057D305 /* Cholesky */ = {isa = PBXFileReference; fileEncoding = 4; lastKnownFileType = text; path = Cholesky; sourceTree = "<group>"; };
		F71D260322DDA8660057D305 /* UmfPackSupport */ = {isa = PBXFileReference; fileEncoding = 4; lastKnownFileType = text; path = UmfPackSupport; sourceTree = "<group>"; };
		F71D260422DDA8660057D305 /* IterativeLinearSolvers */ = {isa = PBXFileReference; fileEncoding = 4; lastKnownFileType = text; path = IterativeLinearSolvers; sourceTree = "<group>"; };
		F71D260522DDA8660057D305 /* LU */ = {isa = PBXFileReference; fileEncoding = 4; lastKnownFileType = text; path = LU; sourceTree = "<group>"; };
		F71D260622DDA8660057D305 /* Sparse */ = {isa = PBXFileReference; fileEncoding = 4; lastKnownFileType = text; path = Sparse; sourceTree = "<group>"; };
		F71D260722DDA8660057D305 /* Geometry */ = {isa = PBXFileReference; fileEncoding = 4; lastKnownFileType = text; path = Geometry; sourceTree = "<group>"; };
		F71D260822DDA8660057D305 /* SuperLUSupport */ = {isa = PBXFileReference; fileEncoding = 4; lastKnownFileType = text; path = SuperLUSupport; sourceTree = "<group>"; };
		F71D260922DDA8660057D305 /* StdList */ = {isa = PBXFileReference; fileEncoding = 4; lastKnownFileType = text; path = StdList; sourceTree = "<group>"; };
		F71D260A22DDA8660057D305 /* MetisSupport */ = {isa = PBXFileReference; fileEncoding = 4; lastKnownFileType = text; path = MetisSupport; sourceTree = "<group>"; };
		F71D260B22DDA8660057D305 /* SparseCholesky */ = {isa = PBXFileReference; fileEncoding = 4; lastKnownFileType = text; path = SparseCholesky; sourceTree = "<group>"; };
		F71D260C22DDA8660057D305 /* Eigenvalues */ = {isa = PBXFileReference; fileEncoding = 4; lastKnownFileType = text; path = Eigenvalues; sourceTree = "<group>"; };
		F71D260D22DDA8660057D305 /* PaStiXSupport */ = {isa = PBXFileReference; fileEncoding = 4; lastKnownFileType = text; path = PaStiXSupport; sourceTree = "<group>"; };
		F71D261022DDA8660057D305 /* CMakeLists.txt */ = {isa = PBXFileReference; fileEncoding = 4; lastKnownFileType = text; path = CMakeLists.txt; sourceTree = "<group>"; };
		F71D261122DDA8660057D305 /* CholmodSupport.h */ = {isa = PBXFileReference; fileEncoding = 4; lastKnownFileType = sourcecode.c.h; path = CholmodSupport.h; sourceTree = "<group>"; };
		F71D261322DDA8660057D305 /* Solve.h */ = {isa = PBXFileReference; fileEncoding = 4; lastKnownFileType = sourcecode.c.h; path = Solve.h; sourceTree = "<group>"; };
		F71D261422DDA8660057D305 /* CMakeLists.txt */ = {isa = PBXFileReference; fileEncoding = 4; lastKnownFileType = text; path = CMakeLists.txt; sourceTree = "<group>"; };
		F71D261522DDA8660057D305 /* SparseSolve.h */ = {isa = PBXFileReference; fileEncoding = 4; lastKnownFileType = sourcecode.c.h; path = SparseSolve.h; sourceTree = "<group>"; };
		F71D261622DDA8660057D305 /* blas.h */ = {isa = PBXFileReference; fileEncoding = 4; lastKnownFileType = sourcecode.c.h; path = blas.h; sourceTree = "<group>"; };
		F71D261722DDA8660057D305 /* Kernel.h */ = {isa = PBXFileReference; fileEncoding = 4; lastKnownFileType = sourcecode.c.h; path = Kernel.h; sourceTree = "<group>"; };
		F71D261822DDA8660057D305 /* Image.h */ = {isa = PBXFileReference; fileEncoding = 4; lastKnownFileType = sourcecode.c.h; path = Image.h; sourceTree = "<group>"; };
		F71D261922DDA8660057D305 /* CMakeLists.txt */ = {isa = PBXFileReference; fileEncoding = 4; lastKnownFileType = text; path = CMakeLists.txt; sourceTree = "<group>"; };
		F71D261B22DDA8660057D305 /* Reverse.h */ = {isa = PBXFileReference; fileEncoding = 4; lastKnownFileType = sourcecode.c.h; path = Reverse.h; sourceTree = "<group>"; };
		F71D261C22DDA8660057D305 /* PermutationMatrix.h */ = {isa = PBXFileReference; fileEncoding = 4; lastKnownFileType = sourcecode.c.h; path = PermutationMatrix.h; sourceTree = "<group>"; };
		F71D261D22DDA8660057D305 /* Assign.h */ = {isa = PBXFileReference; fileEncoding = 4; lastKnownFileType = sourcecode.c.h; path = Assign.h; sourceTree = "<group>"; };
		F71D261E22DDA8660057D305 /* CwiseUnaryOp.h */ = {isa = PBXFileReference; fileEncoding = 4; lastKnownFileType = sourcecode.c.h; path = CwiseUnaryOp.h; sourceTree = "<group>"; };
		F71D261F22DDA8660057D305 /* DiagonalMatrix.h */ = {isa = PBXFileReference; fileEncoding = 4; lastKnownFileType = sourcecode.c.h; path = DiagonalMatrix.h; sourceTree = "<group>"; };
		F71D262022DDA8660057D305 /* Functors.h */ = {isa = PBXFileReference; fileEncoding = 4; lastKnownFileType = sourcecode.c.h; path = Functors.h; sourceTree = "<group>"; };
		F71D262122DDA8660057D305 /* VectorBlock.h */ = {isa = PBXFileReference; fileEncoding = 4; lastKnownFileType = sourcecode.c.h; path = VectorBlock.h; sourceTree = "<group>"; };
		F71D262222DDA8660057D305 /* ReturnByValue.h */ = {isa = PBXFileReference; fileEncoding = 4; lastKnownFileType = sourcecode.c.h; path = ReturnByValue.h; sourceTree = "<group>"; };
		F71D262322DDA8660057D305 /* CMakeLists.txt */ = {isa = PBXFileReference; fileEncoding = 4; lastKnownFileType = text; path = CMakeLists.txt; sourceTree = "<group>"; };
		F71D262522DDA8660057D305 /* SelfadjointRank2Update.h */ = {isa = PBXFileReference; fileEncoding = 4; lastKnownFileType = sourcecode.c.h; path = SelfadjointRank2Update.h; sourceTree = "<group>"; };
		F71D262622DDA8660057D305 /* GeneralBlockPanelKernel.h */ = {isa = PBXFileReference; fileEncoding = 4; lastKnownFileType = sourcecode.c.h; path = GeneralBlockPanelKernel.h; sourceTree = "<group>"; };
		F71D262722DDA8660057D305 /* CMakeLists.txt */ = {isa = PBXFileReference; fileEncoding = 4; lastKnownFileType = text; path = CMakeLists.txt; sourceTree = "<group>"; };
		F71D262822DDA8660057D305 /* TriangularSolverMatrix_MKL.h */ = {isa = PBXFileReference; fileEncoding = 4; lastKnownFileType = sourcecode.c.h; path = TriangularSolverMatrix_MKL.h; sourceTree = "<group>"; };
		F71D262922DDA8660057D305 /* GeneralMatrixMatrix.h */ = {isa = PBXFileReference; fileEncoding = 4; lastKnownFileType = sourcecode.c.h; path = GeneralMatrixMatrix.h; sourceTree = "<group>"; };
		F71D262A22DDA8660057D305 /* Parallelizer.h */ = {isa = PBXFileReference; fileEncoding = 4; lastKnownFileType = sourcecode.c.h; path = Parallelizer.h; sourceTree = "<group>"; };
		F71D262B22DDA8660057D305 /* GeneralMatrixMatrixTriangular.h */ = {isa = PBXFileReference; fileEncoding = 4; lastKnownFileType = sourcecode.c.h; path = GeneralMatrixMatrixTriangular.h; sourceTree = "<group>"; };
		F71D262C22DDA8660057D305 /* GeneralMatrixVector_MKL.h */ = {isa = PBXFileReference; fileEncoding = 4; lastKnownFileType = sourcecode.c.h; path = GeneralMatrixVector_MKL.h; sourceTree = "<group>"; };
		F71D262D22DDA8660057D305 /* CoeffBasedProduct.h */ = {isa = PBXFileReference; fileEncoding = 4; lastKnownFileType = sourcecode.c.h; path = CoeffBasedProduct.h; sourceTree = "<group>"; };
		F71D262E22DDA8660057D305 /* TriangularMatrixVector.h */ = {isa = PBXFileReference; fileEncoding = 4; lastKnownFileType = sourcecode.c.h; path = TriangularMatrixVector.h; sourceTree = "<group>"; };
		F71D262F22DDA8660057D305 /* SelfadjointMatrixVector.h */ = {isa = PBXFileReference; fileEncoding = 4; lastKnownFileType = sourcecode.c.h; path = SelfadjointMatrixVector.h; sourceTree = "<group>"; };
		F71D263022DDA8660057D305 /* TriangularSolverMatrix.h */ = {isa = PBXFileReference; fileEncoding = 4; lastKnownFileType = sourcecode.c.h; path = TriangularSolverMatrix.h; sourceTree = "<group>"; };
		F71D263122DDA8660057D305 /* GeneralMatrixMatrixTriangular_MKL.h */ = {isa = PBXFileReference; fileEncoding = 4; lastKnownFileType = sourcecode.c.h; path = GeneralMatrixMatrixTriangular_MKL.h; sourceTree = "<group>"; };
		F71D263222DDA8660057D305 /* GeneralMatrixMatrix_MKL.h */ = {isa = PBXFileReference; fileEncoding = 4; lastKnownFileType = sourcecode.c.h; path = GeneralMatrixMatrix_MKL.h; sourceTree = "<group>"; };
		F71D263322DDA8660057D305 /* GeneralMatrixVector.h */ = {isa = PBXFileReference; fileEncoding = 4; lastKnownFileType = sourcecode.c.h; path = GeneralMatrixVector.h; sourceTree = "<group>"; };
		F71D263422DDA8660057D305 /* TriangularMatrixMatrix_MKL.h */ = {isa = PBXFileReference; fileEncoding = 4; lastKnownFileType = sourcecode.c.h; path = TriangularMatrixMatrix_MKL.h; sourceTree = "<group>"; };
		F71D263522DDA8660057D305 /* SelfadjointProduct.h */ = {isa = PBXFileReference; fileEncoding = 4; lastKnownFileType = sourcecode.c.h; path = SelfadjointProduct.h; sourceTree = "<group>"; };
		F71D263622DDA8660057D305 /* TriangularMatrixVector_MKL.h */ = {isa = PBXFileReference; fileEncoding = 4; lastKnownFileType = sourcecode.c.h; path = TriangularMatrixVector_MKL.h; sourceTree = "<group>"; };
		F71D263722DDA8660057D305 /* SelfadjointMatrixMatrix_MKL.h */ = {isa = PBXFileReference; fileEncoding = 4; lastKnownFileType = sourcecode.c.h; path = SelfadjointMatrixMatrix_MKL.h; sourceTree = "<group>"; };
		F71D263822DDA8660057D305 /* TriangularSolverVector.h */ = {isa = PBXFileReference; fileEncoding = 4; lastKnownFileType = sourcecode.c.h; path = TriangularSolverVector.h; sourceTree = "<group>"; };
		F71D263922DDA8660057D305 /* SelfadjointMatrixVector_MKL.h */ = {isa = PBXFileReference; fileEncoding = 4; lastKnownFileType = sourcecode.c.h; path = SelfadjointMatrixVector_MKL.h; sourceTree = "<group>"; };
		F71D263A22DDA8660057D305 /* TriangularMatrixMatrix.h */ = {isa = PBXFileReference; fileEncoding = 4; lastKnownFileType = sourcecode.c.h; path = TriangularMatrixMatrix.h; sourceTree = "<group>"; };
		F71D263B22DDA8660057D305 /* SelfadjointMatrixMatrix.h */ = {isa = PBXFileReference; fileEncoding = 4; lastKnownFileType = sourcecode.c.h; path = SelfadjointMatrixMatrix.h; sourceTree = "<group>"; };
		F71D263C22DDA8660057D305 /* ProductBase.h */ = {isa = PBXFileReference; fileEncoding = 4; lastKnownFileType = sourcecode.c.h; path = ProductBase.h; sourceTree = "<group>"; };
		F71D263E22DDA8660057D305 /* NonMPL2.h */ = {isa = PBXFileReference; fileEncoding = 4; lastKnownFileType = sourcecode.c.h; path = NonMPL2.h; sourceTree = "<group>"; };
		F71D263F22DDA8660057D305 /* CMakeLists.txt */ = {isa = PBXFileReference; fileEncoding = 4; lastKnownFileType = text; path = CMakeLists.txt; sourceTree = "<group>"; };
		F71D264022DDA8660057D305 /* BlasUtil.h */ = {isa = PBXFileReference; fileEncoding = 4; lastKnownFileType = sourcecode.c.h; path = BlasUtil.h; sourceTree = "<group>"; };
		F71D264122DDA8660057D305 /* StaticAssert.h */ = {isa = PBXFileReference; fileEncoding = 4; lastKnownFileType = sourcecode.c.h; path = StaticAssert.h; sourceTree = "<group>"; };
		F71D264222DDA8660057D305 /* Constants.h */ = {isa = PBXFileReference; fileEncoding = 4; lastKnownFileType = sourcecode.c.h; path = Constants.h; sourceTree = "<group>"; };
		F71D264322DDA8660057D305 /* XprHelper.h */ = {isa = PBXFileReference; fileEncoding = 4; lastKnownFileType = sourcecode.c.h; path = XprHelper.h; sourceTree = "<group>"; };
		F71D264422DDA8660057D305 /* MKL_support.h */ = {isa = PBXFileReference; fileEncoding = 4; lastKnownFileType = sourcecode.c.h; path = MKL_support.h; sourceTree = "<group>"; };
		F71D264522DDA8660057D305 /* Macros.h */ = {isa = PBXFileReference; fileEncoding = 4; lastKnownFileType = sourcecode.c.h; path = Macros.h; sourceTree = "<group>"; };
		F71D264622DDA8660057D305 /* DisableStupidWarnings.h */ = {isa = PBXFileReference; fileEncoding = 4; lastKnownFileType = sourcecode.c.h; path = DisableStupidWarnings.h; sourceTree = "<group>"; };
		F71D264722DDA8660057D305 /* ForwardDeclarations.h */ = {isa = PBXFileReference; fileEncoding = 4; lastKnownFileType = sourcecode.c.h; path = ForwardDeclarations.h; sourceTree = "<group>"; };
		F71D264822DDA8660057D305 /* Memory.h */ = {isa = PBXFileReference; fileEncoding = 4; lastKnownFileType = sourcecode.c.h; path = Memory.h; sourceTree = "<group>"; };
		F71D264922DDA8660057D305 /* Meta.h */ = {isa = PBXFileReference; fileEncoding = 4; lastKnownFileType = sourcecode.c.h; path = Meta.h; sourceTree = "<group>"; };
		F71D264A22DDA8660057D305 /* ReenableStupidWarnings.h */ = {isa = PBXFileReference; fileEncoding = 4; lastKnownFileType = sourcecode.c.h; path = ReenableStupidWarnings.h; sourceTree = "<group>"; };
		F71D264B22DDA8660057D305 /* MatrixBase.h */ = {isa = PBXFileReference; fileEncoding = 4; lastKnownFileType = sourcecode.c.h; path = MatrixBase.h; sourceTree = "<group>"; };
		F71D264C22DDA8660057D305 /* Stride.h */ = {isa = PBXFileReference; fileEncoding = 4; lastKnownFileType = sourcecode.c.h; path = Stride.h; sourceTree = "<group>"; };
		F71D264D22DDA8660057D305 /* Map.h */ = {isa = PBXFileReference; fileEncoding = 4; lastKnownFileType = sourcecode.c.h; path = Map.h; sourceTree = "<group>"; };
		F71D264E22DDA8660057D305 /* ForceAlignedAccess.h */ = {isa = PBXFileReference; fileEncoding = 4; lastKnownFileType = sourcecode.c.h; path = ForceAlignedAccess.h; sourceTree = "<group>"; };
		F71D264F22DDA8660057D305 /* MathFunctions.h */ = {isa = PBXFileReference; fileEncoding = 4; lastKnownFileType = sourcecode.c.h; path = MathFunctions.h; sourceTree = "<group>"; };
		F71D265022DDA8660057D305 /* SelfCwiseBinaryOp.h */ = {isa = PBXFileReference; fileEncoding = 4; lastKnownFileType = sourcecode.c.h; path = SelfCwiseBinaryOp.h; sourceTree = "<group>"; };
		F71D265122DDA8660057D305 /* BandMatrix.h */ = {isa = PBXFileReference; fileEncoding = 4; lastKnownFileType = sourcecode.c.h; path = BandMatrix.h; sourceTree = "<group>"; };
		F71D265222DDA8660057D305 /* Assign_MKL.h */ = {isa = PBXFileReference; fileEncoding = 4; lastKnownFileType = sourcecode.c.h; path = Assign_MKL.h; sourceTree = "<group>"; };
		F71D265322DDA8660057D305 /* Swap.h */ = {isa = PBXFileReference; fileEncoding = 4; lastKnownFileType = sourcecode.c.h; path = Swap.h; sourceTree = "<group>"; };
		F71D265422DDA8660057D305 /* MapBase.h */ = {isa = PBXFileReference; fileEncoding = 4; lastKnownFileType = sourcecode.c.h; path = MapBase.h; sourceTree = "<group>"; };
		F71D265522DDA8660057D305 /* Matrix.h */ = {isa = PBXFileReference; fileEncoding = 4; lastKnownFileType = sourcecode.c.h; path = Matrix.h; sourceTree = "<group>"; };
		F71D265622DDA8660057D305 /* EigenBase.h */ = {isa = PBXFileReference; fileEncoding = 4; lastKnownFileType = sourcecode.c.h; path = EigenBase.h; sourceTree = "<group>"; };
		F71D265722DDA8660057D305 /* Flagged.h */ = {isa = PBXFileReference; fileEncoding = 4; lastKnownFileType = sourcecode.c.h; path = Flagged.h; sourceTree = "<group>"; };
		F71D265822DDA8660057D305 /* StableNorm.h */ = {isa = PBXFileReference; fileEncoding = 4; lastKnownFileType = sourcecode.c.h; path = StableNorm.h; sourceTree = "<group>"; };
		F71D265922DDA8660057D305 /* GenericPacketMath.h */ = {isa = PBXFileReference; fileEncoding = 4; lastKnownFileType = sourcecode.c.h; path = GenericPacketMath.h; sourceTree = "<group>"; };
		F71D265A22DDA8660057D305 /* CwiseBinaryOp.h */ = {isa = PBXFileReference; fileEncoding = 4; lastKnownFileType = sourcecode.c.h; path = CwiseBinaryOp.h; sourceTree = "<group>"; };
		F71D265B22DDA8660057D305 /* Visitor.h */ = {isa = PBXFileReference; fileEncoding = 4; lastKnownFileType = sourcecode.c.h; path = Visitor.h; sourceTree = "<group>"; };
		F71D265C22DDA8660057D305 /* DenseStorage.h */ = {isa = PBXFileReference; fileEncoding = 4; lastKnownFileType = sourcecode.c.h; path = DenseStorage.h; sourceTree = "<group>"; };
		F71D265D22DDA8660057D305 /* DiagonalProduct.h */ = {isa = PBXFileReference; fileEncoding = 4; lastKnownFileType = sourcecode.c.h; path = DiagonalProduct.h; sourceTree = "<group>"; };
		F71D265E22DDA8660057D305 /* CwiseUnaryView.h */ = {isa = PBXFileReference; fileEncoding = 4; lastKnownFileType = sourcecode.c.h; path = CwiseUnaryView.h; sourceTree = "<group>"; };
		F71D265F22DDA8660057D305 /* NoAlias.h */ = {isa = PBXFileReference; fileEncoding = 4; lastKnownFileType = sourcecode.c.h; path = NoAlias.h; sourceTree = "<group>"; };
		F71D266022DDA8660057D305 /* DenseCoeffsBase.h */ = {isa = PBXFileReference; fileEncoding = 4; lastKnownFileType = sourcecode.c.h; path = DenseCoeffsBase.h; sourceTree = "<group>"; };
		F71D266122DDA8660057D305 /* Fuzzy.h */ = {isa = PBXFileReference; fileEncoding = 4; lastKnownFileType = sourcecode.c.h; path = Fuzzy.h; sourceTree = "<group>"; };
		F71D266222DDA8660057D305 /* TriangularMatrix.h */ = {isa = PBXFileReference; fileEncoding = 4; lastKnownFileType = sourcecode.c.h; path = TriangularMatrix.h; sourceTree = "<group>"; };
		F71D266322DDA8660057D305 /* IO.h */ = {isa = PBXFileReference; fileEncoding = 4; lastKnownFileType = sourcecode.c.h; path = IO.h; sourceTree = "<group>"; };
		F71D266622DDA8660057D305 /* PacketMath.h */ = {isa = PBXFileReference; fileEncoding = 4; lastKnownFileType = sourcecode.c.h; path = PacketMath.h; sourceTree = "<group>"; };
		F71D266722DDA8660057D305 /* CMakeLists.txt */ = {isa = PBXFileReference; fileEncoding = 4; lastKnownFileType = text; path = CMakeLists.txt; sourceTree = "<group>"; };
		F71D266822DDA8660057D305 /* MathFunctions.h */ = {isa = PBXFileReference; fileEncoding = 4; lastKnownFileType = sourcecode.c.h; path = MathFunctions.h; sourceTree = "<group>"; };
		F71D266922DDA8660057D305 /* Complex.h */ = {isa = PBXFileReference; fileEncoding = 4; lastKnownFileType = sourcecode.c.h; path = Complex.h; sourceTree = "<group>"; };
		F71D266A22DDA8660057D305 /* CMakeLists.txt */ = {isa = PBXFileReference; fileEncoding = 4; lastKnownFileType = text; path = CMakeLists.txt; sourceTree = "<group>"; };
		F71D266C22DDA8660057D305 /* CMakeLists.txt */ = {isa = PBXFileReference; fileEncoding = 4; lastKnownFileType = text; path = CMakeLists.txt; sourceTree = "<group>"; };
		F71D266D22DDA8660057D305 /* Settings.h */ = {isa = PBXFileReference; fileEncoding = 4; lastKnownFileType = sourcecode.c.h; path = Settings.h; sourceTree = "<group>"; };
		F71D266F22DDA8660057D305 /* PacketMath.h */ = {isa = PBXFileReference; fileEncoding = 4; lastKnownFileType = sourcecode.c.h; path = PacketMath.h; sourceTree = "<group>"; };
		F71D267022DDA8660057D305 /* CMakeLists.txt */ = {isa = PBXFileReference; fileEncoding = 4; lastKnownFileType = text; path = CMakeLists.txt; sourceTree = "<group>"; };
		F71D267122DDA8660057D305 /* Complex.h */ = {isa = PBXFileReference; fileEncoding = 4; lastKnownFileType = sourcecode.c.h; path = Complex.h; sourceTree = "<group>"; };
		F71D267322DDA8660057D305 /* PacketMath.h */ = {isa = PBXFileReference; fileEncoding = 4; lastKnownFileType = sourcecode.c.h; path = PacketMath.h; sourceTree = "<group>"; };
		F71D267422DDA8660057D305 /* CMakeLists.txt */ = {isa = PBXFileReference; fileEncoding = 4; lastKnownFileType = text; path = CMakeLists.txt; sourceTree = "<group>"; };
		F71D267522DDA8660057D305 /* Complex.h */ = {isa = PBXFileReference; fileEncoding = 4; lastKnownFileType = sourcecode.c.h; path = Complex.h; sourceTree = "<group>"; };
		F71D267622DDA8660057D305 /* Array.h */ = {isa = PBXFileReference; fileEncoding = 4; lastKnownFileType = sourcecode.c.h; path = Array.h; sourceTree = "<group>"; };
		F71D267722DDA8660057D305 /* Replicate.h */ = {isa = PBXFileReference; fileEncoding = 4; lastKnownFileType = sourcecode.c.h; path = Replicate.h; sourceTree = "<group>"; };
		F71D267822DDA8660057D305 /* CoreIterators.h */ = {isa = PBXFileReference; fileEncoding = 4; lastKnownFileType = sourcecode.c.h; path = CoreIterators.h; sourceTree = "<group>"; };
		F71D267922DDA8660057D305 /* ArrayBase.h */ = {isa = PBXFileReference; fileEncoding = 4; lastKnownFileType = sourcecode.c.h; path = ArrayBase.h; sourceTree = "<group>"; };
		F71D267A22DDA8660057D305 /* Block.h */ = {isa = PBXFileReference; fileEncoding = 4; lastKnownFileType = sourcecode.c.h; path = Block.h; sourceTree = "<group>"; };
		F71D267B22DDA8660057D305 /* Dot.h */ = {isa = PBXFileReference; fileEncoding = 4; lastKnownFileType = sourcecode.c.h; path = Dot.h; sourceTree = "<group>"; };
		F71D267C22DDA8660057D305 /* PlainObjectBase.h */ = {isa = PBXFileReference; fileEncoding = 4; lastKnownFileType = sourcecode.c.h; path = PlainObjectBase.h; sourceTree = "<group>"; };
		F71D267D22DDA8660057D305 /* SelfAdjointView.h */ = {isa = PBXFileReference; fileEncoding = 4; lastKnownFileType = sourcecode.c.h; path = SelfAdjointView.h; sourceTree = "<group>"; };
		F71D267E22DDA8660057D305 /* GeneralProduct.h */ = {isa = PBXFileReference; fileEncoding = 4; lastKnownFileType = sourcecode.c.h; path = GeneralProduct.h; sourceTree = "<group>"; };
		F71D267F22DDA8660057D305 /* SolveTriangular.h */ = {isa = PBXFileReference; fileEncoding = 4; lastKnownFileType = sourcecode.c.h; path = SolveTriangular.h; sourceTree = "<group>"; };
		F71D268022DDA8660057D305 /* CwiseNullaryOp.h */ = {isa = PBXFileReference; fileEncoding = 4; lastKnownFileType = sourcecode.c.h; path = CwiseNullaryOp.h; sourceTree = "<group>"; };
		F71D268122DDA8660057D305 /* VectorwiseOp.h */ = {isa = PBXFileReference; fileEncoding = 4; lastKnownFileType = sourcecode.c.h; path = VectorwiseOp.h; sourceTree = "<group>"; };
		F71D268222DDA8660057D305 /* ArrayWrapper.h */ = {isa = PBXFileReference; fileEncoding = 4; lastKnownFileType = sourcecode.c.h; path = ArrayWrapper.h; sourceTree = "<group>"; };
		F71D268322DDA8660057D305 /* BooleanRedux.h */ = {isa = PBXFileReference; fileEncoding = 4; lastKnownFileType = sourcecode.c.h; path = BooleanRedux.h; sourceTree = "<group>"; };
		F71D268422DDA8660057D305 /* Transpositions.h */ = {isa = PBXFileReference; fileEncoding = 4; lastKnownFileType = sourcecode.c.h; path = Transpositions.h; sourceTree = "<group>"; };
		F71D268522DDA8660057D305 /* NestByValue.h */ = {isa = PBXFileReference; fileEncoding = 4; lastKnownFileType = sourcecode.c.h; path = NestByValue.h; sourceTree = "<group>"; };
		F71D268622DDA8660057D305 /* Ref.h */ = {isa = PBXFileReference; fileEncoding = 4; lastKnownFileType = sourcecode.c.h; path = Ref.h; sourceTree = "<group>"; };
		F71D268722DDA8660057D305 /* Transpose.h */ = {isa = PBXFileReference; fileEncoding = 4; lastKnownFileType = sourcecode.c.h; path = Transpose.h; sourceTree = "<group>"; };
		F71D268822DDA8660057D305 /* Redux.h */ = {isa = PBXFileReference; fileEncoding = 4; lastKnownFileType = sourcecode.c.h; path = Redux.h; sourceTree = "<group>"; };
		F71D268922DDA8660057D305 /* NumTraits.h */ = {isa = PBXFileReference; fileEncoding = 4; lastKnownFileType = sourcecode.c.h; path = NumTraits.h; sourceTree = "<group>"; };
		F71D268A22DDA8660057D305 /* CommaInitializer.h */ = {isa = PBXFileReference; fileEncoding = 4; lastKnownFileType = sourcecode.c.h; path = CommaInitializer.h; sourceTree = "<group>"; };
		F71D268B22DDA8660057D305 /* GlobalFunctions.h */ = {isa = PBXFileReference; fileEncoding = 4; lastKnownFileType = sourcecode.c.h; path = GlobalFunctions.h; sourceTree = "<group>"; };
		F71D268C22DDA8660057D305 /* Random.h */ = {isa = PBXFileReference; fileEncoding = 4; lastKnownFileType = sourcecode.c.h; path = Random.h; sourceTree = "<group>"; };
		F71D268D22DDA8660057D305 /* Diagonal.h */ = {isa = PBXFileReference; fileEncoding = 4; lastKnownFileType = sourcecode.c.h; path = Diagonal.h; sourceTree = "<group>"; };
		F71D268E22DDA8660057D305 /* DenseBase.h */ = {isa = PBXFileReference; fileEncoding = 4; lastKnownFileType = sourcecode.c.h; path = DenseBase.h; sourceTree = "<group>"; };
		F71D268F22DDA8660057D305 /* Select.h */ = {isa = PBXFileReference; fileEncoding = 4; lastKnownFileType = sourcecode.c.h; path = Select.h; sourceTree = "<group>"; };
		F71D269122DDA8660057D305 /* SparseLU_Utils.h */ = {isa = PBXFileReference; fileEncoding = 4; lastKnownFileType = sourcecode.c.h; path = SparseLU_Utils.h; sourceTree = "<group>"; };
		F71D269222DDA8660057D305 /* SparseLU_kernel_bmod.h */ = {isa = PBXFileReference; fileEncoding = 4; lastKnownFileType = sourcecode.c.h; path = SparseLU_kernel_bmod.h; sourceTree = "<group>"; };
		F71D269322DDA8660057D305 /* SparseLU_column_bmod.h */ = {isa = PBXFileReference; fileEncoding = 4; lastKnownFileType = sourcecode.c.h; path = SparseLU_column_bmod.h; sourceTree = "<group>"; };
		F71D269422DDA8660057D305 /* CMakeLists.txt */ = {isa = PBXFileReference; fileEncoding = 4; lastKnownFileType = text; path = CMakeLists.txt; sourceTree = "<group>"; };
		F71D269522DDA8660057D305 /* SparseLU_gemm_kernel.h */ = {isa = PBXFileReference; fileEncoding = 4; lastKnownFileType = sourcecode.c.h; path = SparseLU_gemm_kernel.h; sourceTree = "<group>"; };
		F71D269622DDA8660057D305 /* SparseLU.h */ = {isa = PBXFileReference; fileEncoding = 4; lastKnownFileType = sourcecode.c.h; path = SparseLU.h; sourceTree = "<group>"; };
		F71D269722DDA8660057D305 /* SparseLU_column_dfs.h */ = {isa = PBXFileReference; fileEncoding = 4; lastKnownFileType = sourcecode.c.h; path = SparseLU_column_dfs.h; sourceTree = "<group>"; };
		F71D269822DDA8660057D305 /* SparseLU_panel_dfs.h */ = {isa = PBXFileReference; fileEncoding = 4; lastKnownFileType = sourcecode.c.h; path = SparseLU_panel_dfs.h; sourceTree = "<group>"; };
		F71D269922DDA8660057D305 /* SparseLU_relax_snode.h */ = {isa = PBXFileReference; fileEncoding = 4; lastKnownFileType = sourcecode.c.h; path = SparseLU_relax_snode.h; sourceTree = "<group>"; };
		F71D269A22DDA8660057D305 /* SparseLU_heap_relax_snode.h */ = {isa = PBXFileReference; fileEncoding = 4; lastKnownFileType = sourcecode.c.h; path = SparseLU_heap_relax_snode.h; sourceTree = "<group>"; };
		F71D269B22DDA8660057D305 /* SparseLU_panel_bmod.h */ = {isa = PBXFileReference; fileEncoding = 4; lastKnownFileType = sourcecode.c.h; path = SparseLU_panel_bmod.h; sourceTree = "<group>"; };
		F71D269C22DDA8660057D305 /* SparseLU_Structs.h */ = {isa = PBXFileReference; fileEncoding = 4; lastKnownFileType = sourcecode.c.h; path = SparseLU_Structs.h; sourceTree = "<group>"; };
		F71D269D22DDA8660057D305 /* SparseLU_pruneL.h */ = {isa = PBXFileReference; fileEncoding = 4; lastKnownFileType = sourcecode.c.h; path = SparseLU_pruneL.h; sourceTree = "<group>"; };
		F71D269E22DDA8660057D305 /* SparseLU_copy_to_ucol.h */ = {isa = PBXFileReference; fileEncoding = 4; lastKnownFileType = sourcecode.c.h; path = SparseLU_copy_to_ucol.h; sourceTree = "<group>"; };
		F71D269F22DDA8660057D305 /* SparseLU_Memory.h */ = {isa = PBXFileReference; fileEncoding = 4; lastKnownFileType = sourcecode.c.h; path = SparseLU_Memory.h; sourceTree = "<group>"; };
		F71D26A022DDA8660057D305 /* SparseLU_pivotL.h */ = {isa = PBXFileReference; fileEncoding = 4; lastKnownFileType = sourcecode.c.h; path = SparseLU_pivotL.h; sourceTree = "<group>"; };
		F71D26A122DDA8660057D305 /* SparseLUImpl.h */ = {isa = PBXFileReference; fileEncoding = 4; lastKnownFileType = sourcecode.c.h; path = SparseLUImpl.h; sourceTree = "<group>"; };
		F71D26A222DDA8660057D305 /* SparseLU_SupernodalMatrix.h */ = {isa = PBXFileReference; fileEncoding = 4; lastKnownFileType = sourcecode.c.h; path = SparseLU_SupernodalMatrix.h; sourceTree = "<group>"; };
		F71D26A422DDA8660057D305 /* CMakeLists.txt */ = {isa = PBXFileReference; fileEncoding = 4; lastKnownFileType = text; path = CMakeLists.txt; sourceTree = "<group>"; };
		F71D26A522DDA8660057D305 /* Ordering.h */ = {isa = PBXFileReference; fileEncoding = 4; lastKnownFileType = sourcecode.c.h; path = Ordering.h; sourceTree = "<group>"; };
		F71D26A622DDA8660057D305 /* Eigen_Colamd.h */ = {isa = PBXFileReference; fileEncoding = 4; lastKnownFileType = sourcecode.c.h; path = Eigen_Colamd.h; sourceTree = "<group>"; };
		F71D26A722DDA8660057D305 /* Amd.h */ = {isa = PBXFileReference; fileEncoding = 4; lastKnownFileType = sourcecode.c.h; path = Amd.h; sourceTree = "<group>"; };
		F71D26A922DDA8660057D305 /* ArrayCwiseUnaryOps.h */ = {isa = PBXFileReference; fileEncoding = 4; lastKnownFileType = sourcecode.c.h; path = ArrayCwiseUnaryOps.h; sourceTree = "<group>"; };
		F71D26AA22DDA8660057D305 /* CMakeLists.txt */ = {isa = PBXFileReference; fileEncoding = 4; lastKnownFileType = text; path = CMakeLists.txt; sourceTree = "<group>"; };
		F71D26AB22DDA8660057D305 /* CommonCwiseUnaryOps.h */ = {isa = PBXFileReference; fileEncoding = 4; lastKnownFileType = sourcecode.c.h; path = CommonCwiseUnaryOps.h; sourceTree = "<group>"; };
		F71D26AC22DDA8660057D305 /* BlockMethods.h */ = {isa = PBXFileReference; fileEncoding = 4; lastKnownFileType = sourcecode.c.h; path = BlockMethods.h; sourceTree = "<group>"; };
		F71D26AD22DDA8660057D305 /* ArrayCwiseBinaryOps.h */ = {isa = PBXFileReference; fileEncoding = 4; lastKnownFileType = sourcecode.c.h; path = ArrayCwiseBinaryOps.h; sourceTree = "<group>"; };
		F71D26AE22DDA8660057D305 /* MatrixCwiseBinaryOps.h */ = {isa = PBXFileReference; fileEncoding = 4; lastKnownFileType = sourcecode.c.h; path = MatrixCwiseBinaryOps.h; sourceTree = "<group>"; };
		F71D26AF22DDA8660057D305 /* CommonCwiseBinaryOps.h */ = {isa = PBXFileReference; fileEncoding = 4; lastKnownFileType = sourcecode.c.h; path = CommonCwiseBinaryOps.h; sourceTree = "<group>"; };
		F71D26B022DDA8660057D305 /* MatrixCwiseUnaryOps.h */ = {isa = PBXFileReference; fileEncoding = 4; lastKnownFileType = sourcecode.c.h; path = MatrixCwiseUnaryOps.h; sourceTree = "<group>"; };
		F71D26B222DDA8660057D305 /* HouseholderSequence.h */ = {isa = PBXFileReference; fileEncoding = 4; lastKnownFileType = sourcecode.c.h; path = HouseholderSequence.h; sourceTree = "<group>"; };
		F71D26B322DDA8660057D305 /* CMakeLists.txt */ = {isa = PBXFileReference; fileEncoding = 4; lastKnownFileType = text; path = CMakeLists.txt; sourceTree = "<group>"; };
		F71D26B422DDA8660057D305 /* Householder.h */ = {isa = PBXFileReference; fileEncoding = 4; lastKnownFileType = sourcecode.c.h; path = Householder.h; sourceTree = "<group>"; };
		F71D26B522DDA8660057D305 /* BlockHouseholder.h */ = {isa = PBXFileReference; fileEncoding = 4; lastKnownFileType = sourcecode.c.h; path = BlockHouseholder.h; sourceTree = "<group>"; };
		F71D26B722DDA8660057D305 /* CMakeLists.txt */ = {isa = PBXFileReference; fileEncoding = 4; lastKnownFileType = text; path = CMakeLists.txt; sourceTree = "<group>"; };
		F71D26B822DDA8660057D305 /* PardisoSupport.h */ = {isa = PBXFileReference; fileEncoding = 4; lastKnownFileType = sourcecode.c.h; path = PardisoSupport.h; sourceTree = "<group>"; };
		F71D26BA22DDA8660057D305 /* SparseSelfAdjointView.h */ = {isa = PBXFileReference; fileEncoding = 4; lastKnownFileType = sourcecode.c.h; path = SparseSelfAdjointView.h; sourceTree = "<group>"; };
		F71D26BB22DDA8660057D305 /* SparseMatrix.h */ = {isa = PBXFileReference; fileEncoding = 4; lastKnownFileType = sourcecode.c.h; path = SparseMatrix.h; sourceTree = "<group>"; };
		F71D26BC22DDA8660057D305 /* CompressedStorage.h */ = {isa = PBXFileReference; fileEncoding = 4; lastKnownFileType = sourcecode.c.h; path = CompressedStorage.h; sourceTree = "<group>"; };
		F71D26BD22DDA8660057D305 /* CMakeLists.txt */ = {isa = PBXFileReference; fileEncoding = 4; lastKnownFileType = text; path = CMakeLists.txt; sourceTree = "<group>"; };
		F71D26BE22DDA8660057D305 /* SparseCwiseBinaryOp.h */ = {isa = PBXFileReference; fileEncoding = 4; lastKnownFileType = sourcecode.c.h; path = SparseCwiseBinaryOp.h; sourceTree = "<group>"; };
		F71D26BF22DDA8660057D305 /* SparseView.h */ = {isa = PBXFileReference; fileEncoding = 4; lastKnownFileType = sourcecode.c.h; path = SparseView.h; sourceTree = "<group>"; };
		F71D26C022DDA8660057D305 /* SparseColEtree.h */ = {isa = PBXFileReference; fileEncoding = 4; lastKnownFileType = sourcecode.c.h; path = SparseColEtree.h; sourceTree = "<group>"; };
		F71D26C122DDA8660057D305 /* SparseMatrixBase.h */ = {isa = PBXFileReference; fileEncoding = 4; lastKnownFileType = sourcecode.c.h; path = SparseMatrixBase.h; sourceTree = "<group>"; };
		F71D26C222DDA8660057D305 /* SparseDiagonalProduct.h */ = {isa = PBXFileReference; fileEncoding = 4; lastKnownFileType = sourcecode.c.h; path = SparseDiagonalProduct.h; sourceTree = "<group>"; };
		F71D26C322DDA8660057D305 /* SparseTriangularView.h */ = {isa = PBXFileReference; fileEncoding = 4; lastKnownFileType = sourcecode.c.h; path = SparseTriangularView.h; sourceTree = "<group>"; };
		F71D26C422DDA8660057D305 /* SparsePermutation.h */ = {isa = PBXFileReference; fileEncoding = 4; lastKnownFileType = sourcecode.c.h; path = SparsePermutation.h; sourceTree = "<group>"; };
		F71D26C522DDA8660057D305 /* SparseCwiseUnaryOp.h */ = {isa = PBXFileReference; fileEncoding = 4; lastKnownFileType = sourcecode.c.h; path = SparseCwiseUnaryOp.h; sourceTree = "<group>"; };
		F71D26C622DDA8660057D305 /* SparseDenseProduct.h */ = {isa = PBXFileReference; fileEncoding = 4; lastKnownFileType = sourcecode.c.h; path = SparseDenseProduct.h; sourceTree = "<group>"; };
		F71D26C722DDA8660057D305 /* SparseFuzzy.h */ = {isa = PBXFileReference; fileEncoding = 4; lastKnownFileType = sourcecode.c.h; path = SparseFuzzy.h; sourceTree = "<group>"; };
		F71D26C822DDA8660057D305 /* MappedSparseMatrix.h */ = {isa = PBXFileReference; fileEncoding = 4; lastKnownFileType = sourcecode.c.h; path = MappedSparseMatrix.h; sourceTree = "<group>"; };
		F71D26C922DDA8660057D305 /* SparseSparseProductWithPruning.h */ = {isa = PBXFileReference; fileEncoding = 4; lastKnownFileType = sourcecode.c.h; path = SparseSparseProductWithPruning.h; sourceTree = "<group>"; };
		F71D26CA22DDA8660057D305 /* SparseBlock.h */ = {isa = PBXFileReference; fileEncoding = 4; lastKnownFileType = sourcecode.c.h; path = SparseBlock.h; sourceTree = "<group>"; };
		F71D26CB22DDA8660057D305 /* TriangularSolver.h */ = {isa = PBXFileReference; fileEncoding = 4; lastKnownFileType = sourcecode.c.h; path = TriangularSolver.h; sourceTree = "<group>"; };
		F71D26CC22DDA8660057D305 /* SparseVector.h */ = {isa = PBXFileReference; fileEncoding = 4; lastKnownFileType = sourcecode.c.h; path = SparseVector.h; sourceTree = "<group>"; };
		F71D26CD22DDA8660057D305 /* SparseTranspose.h */ = {isa = PBXFileReference; fileEncoding = 4; lastKnownFileType = sourcecode.c.h; path = SparseTranspose.h; sourceTree = "<group>"; };
		F71D26CE22DDA8660057D305 /* SparseProduct.h */ = {isa = PBXFileReference; fileEncoding = 4; lastKnownFileType = sourcecode.c.h; path = SparseProduct.h; sourceTree = "<group>"; };
		F71D26CF22DDA8660057D305 /* AmbiVector.h */ = {isa = PBXFileReference; fileEncoding = 4; lastKnownFileType = sourcecode.c.h; path = AmbiVector.h; sourceTree = "<group>"; };
		F71D26D022DDA8660057D305 /* SparseRedux.h */ = {isa = PBXFileReference; fileEncoding = 4; lastKnownFileType = sourcecode.c.h; path = SparseRedux.h; sourceTree = "<group>"; };
		F71D26D122DDA8660057D305 /* ConservativeSparseSparseProduct.h */ = {isa = PBXFileReference; fileEncoding = 4; lastKnownFileType = sourcecode.c.h; path = ConservativeSparseSparseProduct.h; sourceTree = "<group>"; };
		F71D26D222DDA8660057D305 /* SparseUtil.h */ = {isa = PBXFileReference; fileEncoding = 4; lastKnownFileType = sourcecode.c.h; path = SparseUtil.h; sourceTree = "<group>"; };
		F71D26D322DDA8660057D305 /* SparseDot.h */ = {isa = PBXFileReference; fileEncoding = 4; lastKnownFileType = sourcecode.c.h; path = SparseDot.h; sourceTree = "<group>"; };
		F71D26D522DDA8660057D305 /* CMakeLists.txt */ = {isa = PBXFileReference; fileEncoding = 4; lastKnownFileType = text; path = CMakeLists.txt; sourceTree = "<group>"; };
		F71D26D622DDA8660057D305 /* Jacobi.h */ = {isa = PBXFileReference; fileEncoding = 4; lastKnownFileType = sourcecode.c.h; path = Jacobi.h; sourceTree = "<group>"; };
		F71D26D822DDA8660057D305 /* CMakeLists.txt */ = {isa = PBXFileReference; fileEncoding = 4; lastKnownFileType = text; path = CMakeLists.txt; sourceTree = "<group>"; };
		F71D26D922DDA8660057D305 /* SuiteSparseQRSupport.h */ = {isa = PBXFileReference; fileEncoding = 4; lastKnownFileType = sourcecode.c.h; path = SuiteSparseQRSupport.h; sourceTree = "<group>"; };
		F71D26DB22DDA8660057D305 /* HouseholderQR_MKL.h */ = {isa = PBXFileReference; fileEncoding = 4; lastKnownFileType = sourcecode.c.h; path = HouseholderQR_MKL.h; sourceTree = "<group>"; };
		F71D26DC22DDA8660057D305 /* FullPivHouseholderQR.h */ = {isa = PBXFileReference; fileEncoding = 4; lastKnownFileType = sourcecode.c.h; path = FullPivHouseholderQR.h; sourceTree = "<group>"; };
		F71D26DD22DDA8660057D305 /* CMakeLists.txt */ = {isa = PBXFileReference; fileEncoding = 4; lastKnownFileType = text; path = CMakeLists.txt; sourceTree = "<group>"; };
		F71D26DE22DDA8660057D305 /* HouseholderQR.h */ = {isa = PBXFileReference; fileEncoding = 4; lastKnownFileType = sourcecode.c.h; path = HouseholderQR.h; sourceTree = "<group>"; };
		F71D26DF22DDA8660057D305 /* ColPivHouseholderQR.h */ = {isa = PBXFileReference; fileEncoding = 4; lastKnownFileType = sourcecode.c.h; path = ColPivHouseholderQR.h; sourceTree = "<group>"; };
		F71D26E022DDA8660057D305 /* ColPivHouseholderQR_MKL.h */ = {isa = PBXFileReference; fileEncoding = 4; lastKnownFileType = sourcecode.c.h; path = ColPivHouseholderQR_MKL.h; sourceTree = "<group>"; };
		F71D26E222DDA8660057D305 /* VectorBlock.h */ = {isa = PBXFileReference; fileEncoding = 4; lastKnownFileType = sourcecode.c.h; path = VectorBlock.h; sourceTree = "<group>"; };
		F71D26E322DDA8660057D305 /* LU.h */ = {isa = PBXFileReference; fileEncoding = 4; lastKnownFileType = sourcecode.c.h; path = LU.h; sourceTree = "<group>"; };
		F71D26E422DDA8660057D305 /* CMakeLists.txt */ = {isa = PBXFileReference; fileEncoding = 4; lastKnownFileType = text; path = CMakeLists.txt; sourceTree = "<group>"; };
		F71D26E522DDA8660057D305 /* SVD.h */ = {isa = PBXFileReference; fileEncoding = 4; lastKnownFileType = sourcecode.c.h; path = SVD.h; sourceTree = "<group>"; };
		F71D26E622DDA8660057D305 /* CwiseOperators.h */ = {isa = PBXFileReference; fileEncoding = 4; lastKnownFileType = sourcecode.c.h; path = CwiseOperators.h; sourceTree = "<group>"; };
		F71D26E722DDA8660057D305 /* MathFunctions.h */ = {isa = PBXFileReference; fileEncoding = 4; lastKnownFileType = sourcecode.c.h; path = MathFunctions.h; sourceTree = "<group>"; };
		F71D26E822DDA8660057D305 /* QR.h */ = {isa = PBXFileReference; fileEncoding = 4; lastKnownFileType = sourcecode.c.h; path = QR.h; sourceTree = "<group>"; };
		F71D26E922DDA8660057D305 /* Cwise.h */ = {isa = PBXFileReference; fileEncoding = 4; lastKnownFileType = sourcecode.c.h; path = Cwise.h; sourceTree = "<group>"; };
		F71D26EA22DDA8660057D305 /* LeastSquares.h */ = {isa = PBXFileReference; fileEncoding = 4; lastKnownFileType = sourcecode.c.h; path = LeastSquares.h; sourceTree = "<group>"; };
		F71D26EB22DDA8660057D305 /* Macros.h */ = {isa = PBXFileReference; fileEncoding = 4; lastKnownFileType = sourcecode.c.h; path = Macros.h; sourceTree = "<group>"; };
		F71D26EC22DDA8660057D305 /* TriangularSolver.h */ = {isa = PBXFileReference; fileEncoding = 4; lastKnownFileType = sourcecode.c.h; path = TriangularSolver.h; sourceTree = "<group>"; };
		F71D26ED22DDA8660057D305 /* Lazy.h */ = {isa = PBXFileReference; fileEncoding = 4; lastKnownFileType = sourcecode.c.h; path = Lazy.h; sourceTree = "<group>"; };
		F71D26EE22DDA8660057D305 /* Block.h */ = {isa = PBXFileReference; fileEncoding = 4; lastKnownFileType = sourcecode.c.h; path = Block.h; sourceTree = "<group>"; };
		F71D26EF22DDA8660057D305 /* Memory.h */ = {isa = PBXFileReference; fileEncoding = 4; lastKnownFileType = sourcecode.c.h; path = Memory.h; sourceTree = "<group>"; };
		F71D26F122DDA8660057D305 /* AngleAxis.h */ = {isa = PBXFileReference; fileEncoding = 4; lastKnownFileType = sourcecode.c.h; path = AngleAxis.h; sourceTree = "<group>"; };
		F71D26F222DDA8660057D305 /* RotationBase.h */ = {isa = PBXFileReference; fileEncoding = 4; lastKnownFileType = sourcecode.c.h; path = RotationBase.h; sourceTree = "<group>"; };
		F71D26F322DDA8660057D305 /* CMakeLists.txt */ = {isa = PBXFileReference; fileEncoding = 4; lastKnownFileType = text; path = CMakeLists.txt; sourceTree = "<group>"; };
		F71D26F422DDA8660057D305 /* Hyperplane.h */ = {isa = PBXFileReference; fileEncoding = 4; lastKnownFileType = sourcecode.c.h; path = Hyperplane.h; sourceTree = "<group>"; };
		F71D26F522DDA8660057D305 /* All.h */ = {isa = PBXFileReference; fileEncoding = 4; lastKnownFileType = sourcecode.c.h; path = All.h; sourceTree = "<group>"; };
		F71D26F622DDA8660057D305 /* AlignedBox.h */ = {isa = PBXFileReference; fileEncoding = 4; lastKnownFileType = sourcecode.c.h; path = AlignedBox.h; sourceTree = "<group>"; };
		F71D26F722DDA8660057D305 /* Quaternion.h */ = {isa = PBXFileReference; fileEncoding = 4; lastKnownFileType = sourcecode.c.h; path = Quaternion.h; sourceTree = "<group>"; };
		F71D26F822DDA8660057D305 /* Translation.h */ = {isa = PBXFileReference; fileEncoding = 4; lastKnownFileType = sourcecode.c.h; path = Translation.h; sourceTree = "<group>"; };
		F71D26F922DDA8660057D305 /* Scaling.h */ = {isa = PBXFileReference; fileEncoding = 4; lastKnownFileType = sourcecode.c.h; path = Scaling.h; sourceTree = "<group>"; };
		F71D26FA22DDA8660057D305 /* Rotation2D.h */ = {isa = PBXFileReference; fileEncoding = 4; lastKnownFileType = sourcecode.c.h; path = Rotation2D.h; sourceTree = "<group>"; };
		F71D26FB22DDA8660057D305 /* Transform.h */ = {isa = PBXFileReference; fileEncoding = 4; lastKnownFileType = sourcecode.c.h; path = Transform.h; sourceTree = "<group>"; };
		F71D26FC22DDA8660057D305 /* ParametrizedLine.h */ = {isa = PBXFileReference; fileEncoding = 4; lastKnownFileType = sourcecode.c.h; path = ParametrizedLine.h; sourceTree = "<group>"; };
		F71D26FD22DDA8660057D305 /* Minor.h */ = {isa = PBXFileReference; fileEncoding = 4; lastKnownFileType = sourcecode.c.h; path = Minor.h; sourceTree = "<group>"; };
		F71D26FE22DDA8660057D305 /* Meta.h */ = {isa = PBXFileReference; fileEncoding = 4; lastKnownFileType = sourcecode.c.h; path = Meta.h; sourceTree = "<group>"; };
		F71D270022DDA8660057D305 /* CMakeLists.txt */ = {isa = PBXFileReference; fileEncoding = 4; lastKnownFileType = text; path = CMakeLists.txt; sourceTree = "<group>"; };
		F71D270122DDA8660057D305 /* SparseQR.h */ = {isa = PBXFileReference; fileEncoding = 4; lastKnownFileType = sourcecode.c.h; path = SparseQR.h; sourceTree = "<group>"; };
		F71D270322DDA8660057D305 /* CMakeLists.txt */ = {isa = PBXFileReference; fileEncoding = 4; lastKnownFileType = text; path = CMakeLists.txt; sourceTree = "<group>"; };
		F71D270422DDA8660057D305 /* JacobiSVD.h */ = {isa = PBXFileReference; fileEncoding = 4; lastKnownFileType = sourcecode.c.h; path = JacobiSVD.h; sourceTree = "<group>"; };
		F71D270522DDA8660057D305 /* UpperBidiagonalization.h */ = {isa = PBXFileReference; fileEncoding = 4; lastKnownFileType = sourcecode.c.h; path = UpperBidiagonalization.h; sourceTree = "<group>"; };
		F71D270622DDA8660057D305 /* JacobiSVD_MKL.h */ = {isa = PBXFileReference; fileEncoding = 4; lastKnownFileType = sourcecode.c.h; path = JacobiSVD_MKL.h; sourceTree = "<group>"; };
		F71D270822DDA8660057D305 /* LLT_MKL.h */ = {isa = PBXFileReference; fileEncoding = 4; lastKnownFileType = sourcecode.c.h; path = LLT_MKL.h; sourceTree = "<group>"; };
		F71D270922DDA8660057D305 /* CMakeLists.txt */ = {isa = PBXFileReference; fileEncoding = 4; lastKnownFileType = text; path = CMakeLists.txt; sourceTree = "<group>"; };
		F71D270A22DDA8660057D305 /* LDLT.h */ = {isa = PBXFileReference; fileEncoding = 4; lastKnownFileType = sourcecode.c.h; path = LDLT.h; sourceTree = "<group>"; };
		F71D270B22DDA8660057D305 /* LLT.h */ = {isa = PBXFileReference; fileEncoding = 4; lastKnownFileType = sourcecode.c.h; path = LLT.h; sourceTree = "<group>"; };
		F71D270D22DDA8660057D305 /* CMakeLists.txt */ = {isa = PBXFileReference; fileEncoding = 4; lastKnownFileType = text; path = CMakeLists.txt; sourceTree = "<group>"; };
		F71D270E22DDA8660057D305 /* UmfPackSupport.h */ = {isa = PBXFileReference; fileEncoding = 4; lastKnownFileType = sourcecode.c.h; path = UmfPackSupport.h; sourceTree = "<group>"; };
		F71D271022DDA8660057D305 /* BasicPreconditioners.h */ = {isa = PBXFileReference; fileEncoding = 4; lastKnownFileType = sourcecode.c.h; path = BasicPreconditioners.h; sourceTree = "<group>"; };
		F71D271122DDA8660057D305 /* CMakeLists.txt */ = {isa = PBXFileReference; fileEncoding = 4; lastKnownFileType = text; path = CMakeLists.txt; sourceTree = "<group>"; };
		F71D271222DDA8660057D305 /* IncompleteLUT.h */ = {isa = PBXFileReference; fileEncoding = 4; lastKnownFileType = sourcecode.c.h; path = IncompleteLUT.h; sourceTree = "<group>"; };
		F71D271322DDA8660057D305 /* ConjugateGradient.h */ = {isa = PBXFileReference; fileEncoding = 4; lastKnownFileType = sourcecode.c.h; path = ConjugateGradient.h; sourceTree = "<group>"; };
		F71D271422DDA8660057D305 /* BiCGSTAB.h */ = {isa = PBXFileReference; fileEncoding = 4; lastKnownFileType = sourcecode.c.h; path = BiCGSTAB.h; sourceTree = "<group>"; };
		F71D271522DDA8660057D305 /* IterativeSolverBase.h */ = {isa = PBXFileReference; fileEncoding = 4; lastKnownFileType = sourcecode.c.h; path = IterativeSolverBase.h; sourceTree = "<group>"; };
		F71D271722DDA8660057D305 /* CMakeLists.txt */ = {isa = PBXFileReference; fileEncoding = 4; lastKnownFileType = text; path = CMakeLists.txt; sourceTree = "<group>"; };
		F71D271822DDA8660057D305 /* Inverse.h */ = {isa = PBXFileReference; fileEncoding = 4; lastKnownFileType = sourcecode.c.h; path = Inverse.h; sourceTree = "<group>"; };
		F71D271922DDA8660057D305 /* Determinant.h */ = {isa = PBXFileReference; fileEncoding = 4; lastKnownFileType = sourcecode.c.h; path = Determinant.h; sourceTree = "<group>"; };
		F71D271B22DDA8660057D305 /* Inverse_SSE.h */ = {isa = PBXFileReference; fileEncoding = 4; lastKnownFileType = sourcecode.c.h; path = Inverse_SSE.h; sourceTree = "<group>"; };
		F71D271C22DDA8660057D305 /* CMakeLists.txt */ = {isa = PBXFileReference; fileEncoding = 4; lastKnownFileType = text; path = CMakeLists.txt; sourceTree = "<group>"; };
		F71D271D22DDA8660057D305 /* PartialPivLU.h */ = {isa = PBXFileReference; fileEncoding = 4; lastKnownFileType = sourcecode.c.h; path = PartialPivLU.h; sourceTree = "<group>"; };
		F71D271E22DDA8660057D305 /* FullPivLU.h */ = {isa = PBXFileReference; fileEncoding = 4; lastKnownFileType = sourcecode.c.h; path = FullPivLU.h; sourceTree = "<group>"; };
		F71D271F22DDA8660057D305 /* PartialPivLU_MKL.h */ = {isa = PBXFileReference; fileEncoding = 4; lastKnownFileType = sourcecode.c.h; path = PartialPivLU_MKL.h; sourceTree = "<group>"; };
		F71D272122DDA8660057D305 /* AngleAxis.h */ = {isa = PBXFileReference; fileEncoding = 4; lastKnownFileType = sourcecode.c.h; path = AngleAxis.h; sourceTree = "<group>"; };
		F71D272222DDA8660057D305 /* RotationBase.h */ = {isa = PBXFileReference; fileEncoding = 4; lastKnownFileType = sourcecode.c.h; path = RotationBase.h; sourceTree = "<group>"; };
		F71D272322DDA8660057D305 /* CMakeLists.txt */ = {isa = PBXFileReference; fileEncoding = 4; lastKnownFileType = text; path = CMakeLists.txt; sourceTree = "<group>"; };
		F71D272422DDA8660057D305 /* EulerAngles.h */ = {isa = PBXFileReference; fileEncoding = 4; lastKnownFileType = sourcecode.c.h; path = EulerAngles.h; sourceTree = "<group>"; };
		F71D272522DDA8660057D305 /* Hyperplane.h */ = {isa = PBXFileReference; fileEncoding = 4; lastKnownFileType = sourcecode.c.h; path = Hyperplane.h; sourceTree = "<group>"; };
		F71D272622DDA8660057D305 /* Homogeneous.h */ = {isa = PBXFileReference; fileEncoding = 4; lastKnownFileType = sourcecode.c.h; path = Homogeneous.h; sourceTree = "<group>"; };
		F71D272722DDA8660057D305 /* AlignedBox.h */ = {isa = PBXFileReference; fileEncoding = 4; lastKnownFileType = sourcecode.c.h; path = AlignedBox.h; sourceTree = "<group>"; };
		F71D272822DDA8660057D305 /* Quaternion.h */ = {isa = PBXFileReference; fileEncoding = 4; lastKnownFileType = sourcecode.c.h; path = Quaternion.h; sourceTree = "<group>"; };
		F71D272922DDA8660057D305 /* Umeyama.h */ = {isa = PBXFileReference; fileEncoding = 4; lastKnownFileType = sourcecode.c.h; path = Umeyama.h; sourceTree = "<group>"; };
		F71D272A22DDA8660057D305 /* Translation.h */ = {isa = PBXFileReference; fileEncoding = 4; lastKnownFileType = sourcecode.c.h; path = Translation.h; sourceTree = "<group>"; };
		F71D272B22DDA8660057D305 /* Scaling.h */ = {isa = PBXFileReference; fileEncoding = 4; lastKnownFileType = sourcecode.c.h; path = Scaling.h; sourceTree = "<group>"; };
		F71D272C22DDA8660057D305 /* OrthoMethods.h */ = {isa = PBXFileReference; fileEncoding = 4; lastKnownFileType = sourcecode.c.h; path = OrthoMethods.h; sourceTree = "<group>"; };
		F71D272D22DDA8660057D305 /* Rotation2D.h */ = {isa = PBXFileReference; fileEncoding = 4; lastKnownFileType = sourcecode.c.h; path = Rotation2D.h; sourceTree = "<group>"; };
		F71D272F22DDA8660057D305 /* CMakeLists.txt */ = {isa = PBXFileReference; fileEncoding = 4; lastKnownFileType = text; path = CMakeLists.txt; sourceTree = "<group>"; };
		F71D273022DDA8660057D305 /* Geometry_SSE.h */ = {isa = PBXFileReference; fileEncoding = 4; lastKnownFileType = sourcecode.c.h; path = Geometry_SSE.h; sourceTree = "<group>"; };
		F71D273122DDA8660057D305 /* Transform.h */ = {isa = PBXFileReference; fileEncoding = 4; lastKnownFileType = sourcecode.c.h; path = Transform.h; sourceTree = "<group>"; };
		F71D273222DDA8660057D305 /* ParametrizedLine.h */ = {isa = PBXFileReference; fileEncoding = 4; lastKnownFileType = sourcecode.c.h; path = ParametrizedLine.h; sourceTree = "<group>"; };
		F71D273422DDA8660057D305 /* CMakeLists.txt */ = {isa = PBXFileReference; fileEncoding = 4; lastKnownFileType = text; path = CMakeLists.txt; sourceTree = "<group>"; };
		F71D273522DDA8660057D305 /* SuperLUSupport.h */ = {isa = PBXFileReference; fileEncoding = 4; lastKnownFileType = sourcecode.c.h; path = SuperLUSupport.h; sourceTree = "<group>"; };
		F71D273722DDA8660057D305 /* CMakeLists.txt */ = {isa = PBXFileReference; fileEncoding = 4; lastKnownFileType = text; path = CMakeLists.txt; sourceTree = "<group>"; };
		F71D273822DDA8660057D305 /* MetisSupport.h */ = {isa = PBXFileReference; fileEncoding = 4; lastKnownFileType = sourcecode.c.h; path = MetisSupport.h; sourceTree = "<group>"; };
		F71D273A22DDA8660057D305 /* CMakeLists.txt */ = {isa = PBXFileReference; fileEncoding = 4; lastKnownFileType = text; path = CMakeLists.txt; sourceTree = "<group>"; };
		F71D273B22DDA8660057D305 /* StdList.h */ = {isa = PBXFileReference; fileEncoding = 4; lastKnownFileType = sourcecode.c.h; path = StdList.h; sourceTree = "<group>"; };
		F71D273C22DDA8660057D305 /* StdDeque.h */ = {isa = PBXFileReference; fileEncoding = 4; lastKnownFileType = sourcecode.c.h; path = StdDeque.h; sourceTree = "<group>"; };
		F71D273D22DDA8660057D305 /* details.h */ = {isa = PBXFileReference; fileEncoding = 4; lastKnownFileType = sourcecode.c.h; path = details.h; sourceTree = "<group>"; };
		F71D273E22DDA8660057D305 /* StdVector.h */ = {isa = PBXFileReference; fileEncoding = 4; lastKnownFileType = sourcecode.c.h; path = StdVector.h; sourceTree = "<group>"; };
		F71D274022DDA8660057D305 /* CMakeLists.txt */ = {isa = PBXFileReference; fileEncoding = 4; lastKnownFileType = text; path = CMakeLists.txt; sourceTree = "<group>"; };
		F71D274122DDA8660057D305 /* SimplicialCholesky_impl.h */ = {isa = PBXFileReference; fileEncoding = 4; lastKnownFileType = sourcecode.c.h; path = SimplicialCholesky_impl.h; sourceTree = "<group>"; };
		F71D274222DDA8660057D305 /* SimplicialCholesky.h */ = {isa = PBXFileReference; fileEncoding = 4; lastKnownFileType = sourcecode.c.h; path = SimplicialCholesky.h; sourceTree = "<group>"; };
		F71D274422DDA8660057D305 /* GeneralizedEigenSolver.h */ = {isa = PBXFileReference; fileEncoding = 4; lastKnownFileType = sourcecode.c.h; path = GeneralizedEigenSolver.h; sourceTree = "<group>"; };
		F71D274522DDA8660057D305 /* EigenSolver.h */ = {isa = PBXFileReference; fileEncoding = 4; lastKnownFileType = sourcecode.c.h; path = EigenSolver.h; sourceTree = "<group>"; };
		F71D274622DDA8660057D305 /* CMakeLists.txt */ = {isa = PBXFileReference; fileEncoding = 4; lastKnownFileType = text; path = CMakeLists.txt; sourceTree = "<group>"; };
		F71D274722DDA8660057D305 /* RealSchur.h */ = {isa = PBXFileReference; fileEncoding = 4; lastKnownFileType = sourcecode.c.h; path = RealSchur.h; sourceTree = "<group>"; };
		F71D274822DDA8660057D305 /* Tridiagonalization.h */ = {isa = PBXFileReference; fileEncoding = 4; lastKnownFileType = sourcecode.c.h; path = Tridiagonalization.h; sourceTree = "<group>"; };
		F71D274922DDA8660057D305 /* HessenbergDecomposition.h */ = {isa = PBXFileReference; fileEncoding = 4; lastKnownFileType = sourcecode.c.h; path = HessenbergDecomposition.h; sourceTree = "<group>"; };
		F71D274A22DDA8660057D305 /* RealSchur_MKL.h */ = {isa = PBXFileReference; fileEncoding = 4; lastKnownFileType = sourcecode.c.h; path = RealSchur_MKL.h; sourceTree = "<group>"; };
		F71D274B22DDA8660057D305 /* ComplexEigenSolver.h */ = {isa = PBXFileReference; fileEncoding = 4; lastKnownFileType = sourcecode.c.h; path = ComplexEigenSolver.h; sourceTree = "<group>"; };
		F71D274C22DDA8660057D305 /* GeneralizedSelfAdjointEigenSolver.h */ = {isa = PBXFileReference; fileEncoding = 4; lastKnownFileType = sourcecode.c.h; path = GeneralizedSelfAdjointEigenSolver.h; sourceTree = "<group>"; };
		F71D274D22DDA8660057D305 /* ComplexSchur_MKL.h */ = {isa = PBXFileReference; fileEncoding = 4; lastKnownFileType = sourcecode.c.h; path = ComplexSchur_MKL.h; sourceTree = "<group>"; };
		F71D274E22DDA8660057D305 /* SelfAdjointEigenSolver_MKL.h */ = {isa = PBXFileReference; fileEncoding = 4; lastKnownFileType = sourcecode.c.h; path = SelfAdjointEigenSolver_MKL.h; sourceTree = "<group>"; };
		F71D274F22DDA8660057D305 /* ComplexSchur.h */ = {isa = PBXFileReference; fileEncoding = 4; lastKnownFileType = sourcecode.c.h; path = ComplexSchur.h; sourceTree = "<group>"; };
		F71D275022DDA8660057D305 /* SelfAdjointEigenSolver.h */ = {isa = PBXFileReference; fileEncoding = 4; lastKnownFileType = sourcecode.c.h; path = SelfAdjointEigenSolver.h; sourceTree = "<group>"; };
		F71D275122DDA8660057D305 /* RealQZ.h */ = {isa = PBXFileReference; fileEncoding = 4; lastKnownFileType = sourcecode.c.h; path = RealQZ.h; sourceTree = "<group>"; };
		F71D275222DDA8660057D305 /* MatrixBaseEigenvalues.h */ = {isa = PBXFileReference; fileEncoding = 4; lastKnownFileType = sourcecode.c.h; path = MatrixBaseEigenvalues.h; sourceTree = "<group>"; };
		F71D275422DDA8660057D305 /* CMakeLists.txt */ = {isa = PBXFileReference; fileEncoding = 4; lastKnownFileType = text; path = CMakeLists.txt; sourceTree = "<group>"; };
		F71D275522DDA8660057D305 /* PaStiXSupport.h */ = {isa = PBXFileReference; fileEncoding = 4; lastKnownFileType = sourcecode.c.h; path = PaStiXSupport.h; sourceTree = "<group>"; };
		F71D275622DDA8660057D305 /* tools.h */ = {isa = PBXFileReference; fileEncoding = 4; lastKnownFileType = sourcecode.c.h; path = tools.h; sourceTree = "<group>"; };
		F71D275722DDA8660057D305 /* tools.cpp */ = {isa = PBXFileReference; fileEncoding = 4; lastKnownFileType = sourcecode.cpp.cpp; path = tools.cpp; sourceTree = "<group>"; };
		F71D275822DDA8660057D305 /* kalman_filter.h */ = {isa = PBXFileReference; fileEncoding = 4; lastKnownFileType = sourcecode.c.h; path = kalman_filter.h; sourceTree = "<group>"; };
		F71D275922DDA8660057D305 /* main.cpp */ = {isa = PBXFileReference; fileEncoding = 4; lastKnownFileType = sourcecode.cpp.cpp; path = main.cpp; sourceTree = "<group>"; };
		F71D275A22DDA8660057D305 /* measurement_package.h */ = {isa = PBXFileReference; fileEncoding = 4; lastKnownFileType = sourcecode.c.h; path = measurement_package.h; sourceTree = "<group>"; };
		F71D275B22DDA8660057D305 /* LICENSE */ = {isa = PBXFileReference; fileEncoding = 4; lastKnownFileType = text; path = LICENSE; sourceTree = "<group>"; };
		F71D275C22DDA8660057D305 /* CMakeLists.txt */ = {isa = PBXFileReference; fileEncoding = 4; lastKnownFileType = text; path = CMakeLists.txt; sourceTree = "<group>"; };
		F71D275E22DDA8660057D305 /* obj_pose-laser-radar-synthetic-input.txt */ = {isa = PBXFileReference; fileEncoding = 4; lastKnownFileType = text; path = "obj_pose-laser-radar-synthetic-input.txt"; sourceTree = "<group>"; };
		F71D276222DDA8660057D305 /* at_breakpoint.png */ = {isa = PBXFileReference; lastKnownFileType = image.png; path = at_breakpoint.png; sourceTree = "<group>"; };
		F71D276322DDA8660057D305 /* schemes_location.png */ = {isa = PBXFileReference; lastKnownFileType = image.png; path = schemes_location.png; sourceTree = "<group>"; };
		F71D276422DDA8660057D305 /* scheme_selection.png */ = {isa = PBXFileReference; lastKnownFileType = image.png; path = scheme_selection.png; sourceTree = "<group>"; };
		F71D276522DDA8660057D305 /* arguments_tab.png */ = {isa = PBXFileReference; lastKnownFileType = image.png; path = arguments_tab.png; sourceTree = "<group>"; };
		F71D276622DDA8660057D305 /* build_button.png */ = {isa = PBXFileReference; lastKnownFileType = image.png; path = build_button.png; sourceTree = "<group>"; };
		F71D276722DDA8660057D305 /* breakpoint.png */ = {isa = PBXFileReference; lastKnownFileType = image.png; path = breakpoint.png; sourceTree = "<group>"; };
		F71D276822DDA8660057D305 /* arguments_selection.png */ = {isa = PBXFileReference; lastKnownFileType = image.png; path = arguments_selection.png; sourceTree = "<group>"; };
		F71D276922DDA8660057D305 /* edit_scheme.png */ = {isa = PBXFileReference; lastKnownFileType = image.png; path = edit_scheme.png; sourceTree = "<group>"; };
		F71D276A22DDA8660057D305 /* README.md */ = {isa = PBXFileReference; fileEncoding = 4; lastKnownFileType = net.daringfireball.markdown; path = README.md; sourceTree = "<group>"; };
		F71D276D22DDA8660057D305 /* Capture-EclipseMenuFileImport.jpg */ = {isa = PBXFileReference; lastKnownFileType = image.jpeg; path = "Capture-EclipseMenuFileImport.jpg"; sourceTree = "<group>"; };
		F71D276E22DDA8660057D305 /* Capture-Final.png */ = {isa = PBXFileReference; lastKnownFileType = image.png; path = "Capture-Final.png"; sourceTree = "<group>"; };
		F71D276F22DDA8660057D305 /* Capture-Import-2.png */ = {isa = PBXFileReference; lastKnownFileType = image.png; path = "Capture-Import-2.png"; sourceTree = "<group>"; };
		F71D277022DDA8660057D305 /* Capture-EclipseProjectsIntoWorkspace.jpg */ = {isa = PBXFileReference; lastKnownFileType = image.jpeg; path = "Capture-EclipseProjectsIntoWorkspace.jpg"; sourceTree = "<group>"; };
		F71D277122DDA8660057D305 /* README.md */ = {isa = PBXFileReference; fileEncoding = 4; lastKnownFileType = net.daringfireball.markdown; path = README.md; sourceTree = "<group>"; };
		F71D277222DDA8660057D305 /* README.md */ = {isa = PBXFileReference; fileEncoding = 4; lastKnownFileType = net.daringfireball.markdown; path = README.md; sourceTree = "<group>"; };
		F71D277322DDA8660057D305 /* cmakepatch.txt */ = {isa = PBXFileReference; fileEncoding = 4; lastKnownFileType = text; path = cmakepatch.txt; sourceTree = "<group>"; };
		F71D277422DDA8660057D305 /* README.md */ = {isa = PBXFileReference; fileEncoding = 4; lastKnownFileType = net.daringfireball.markdown; path = README.md; sourceTree = "<group>"; };
		F71D277622DDA8660057D305 /* Input_Output File Format.txt */ = {isa = PBXFileReference; fileEncoding = 4; lastKnownFileType = text; path = "Input_Output File Format.txt"; sourceTree = "<group>"; };
		F71D277722DDA8660057D305 /* Data_Flow_Doc.txt */ = {isa = PBXFileReference; fileEncoding = 4; lastKnownFileType = text; path = Data_Flow_Doc.txt; sourceTree = "<group>"; };
/* End PBXFileReference section */

/* Begin PBXGroup section */
		F71D25D922DDA85A0057D305 = {
			isa = PBXGroup;
			children = (
				F71D275C22DDA8660057D305 /* CMakeLists.txt */,
				F71D277322DDA8660057D305 /* cmakepatch.txt */,
				F71D275D22DDA8660057D305 /* data */,
				F71D277522DDA8660057D305 /* Docs */,
				F71D275F22DDA8660057D305 /* ide_profiles */,
				F71D25E622DDA8660057D305 /* install-linux.sh */,
				F71D25E422DDA8660057D305 /* install-mac.sh */,
				F71D275B22DDA8660057D305 /* LICENSE */,
				F71D277422DDA8660057D305 /* README.md */,
				F71D25E522DDA8660057D305 /* set_git.sh */,
				F71D25E722DDA8660057D305 /* src */,
			);
			sourceTree = "<group>";
		};
		F71D25E722DDA8660057D305 /* src */ = {
			isa = PBXGroup;
			children = (
				F71D25E822DDA8660057D305 /* kalman_filter.cpp */,
				F71D25E922DDA8660057D305 /* FusionEKF.cpp */,
				F71D25EA22DDA8660057D305 /* FusionEKF.h */,
				F71D25EB22DDA8660057D305 /* json.hpp */,
				F71D25EC22DDA8660057D305 /* Eigen */,
				F71D275622DDA8660057D305 /* tools.h */,
				F71D275722DDA8660057D305 /* tools.cpp */,
				F71D275822DDA8660057D305 /* kalman_filter.h */,
				F71D275922DDA8660057D305 /* main.cpp */,
				F71D275A22DDA8660057D305 /* measurement_package.h */,
			);
			path = src;
			sourceTree = "<group>";
		};
		F71D25EC22DDA8660057D305 /* Eigen */ = {
			isa = PBXGroup;
			children = (
				F71D25ED22DDA8660057D305 /* CholmodSupport */,
				F71D25EE22DDA8660057D305 /* StdVector */,
				F71D25EF22DDA8660057D305 /* StdDeque */,
				F71D25F022DDA8660057D305 /* CMakeLists.txt */,
				F71D25F122DDA8660057D305 /* Core */,
				F71D25F222DDA8660057D305 /* SparseLU */,
				F71D25F322DDA8660057D305 /* OrderingMethods */,
				F71D25F422DDA8660057D305 /* Array */,
				F71D25F522DDA8660057D305 /* QtAlignedMalloc */,
				F71D25F622DDA8660057D305 /* Householder */,
				F71D25F722DDA8660057D305 /* PardisoSupport */,
				F71D25F822DDA8660057D305 /* LeastSquares */,
				F71D25F922DDA8660057D305 /* SparseCore */,
				F71D25FA22DDA8660057D305 /* Jacobi */,
				F71D25FB22DDA8660057D305 /* Dense */,
				F71D25FC22DDA8660057D305 /* SPQRSupport */,
				F71D25FD22DDA8660057D305 /* QR */,
				F71D25FE22DDA8660057D305 /* Eigen */,
				F71D25FF22DDA8660057D305 /* Eigen2Support */,
				F71D260022DDA8660057D305 /* SparseQR */,
				F71D260122DDA8660057D305 /* SVD */,
				F71D260222DDA8660057D305 /* Cholesky */,
				F71D260322DDA8660057D305 /* UmfPackSupport */,
				F71D260422DDA8660057D305 /* IterativeLinearSolvers */,
				F71D260522DDA8660057D305 /* LU */,
				F71D260622DDA8660057D305 /* Sparse */,
				F71D260722DDA8660057D305 /* Geometry */,
				F71D260822DDA8660057D305 /* SuperLUSupport */,
				F71D260922DDA8660057D305 /* StdList */,
				F71D260A22DDA8660057D305 /* MetisSupport */,
				F71D260B22DDA8660057D305 /* SparseCholesky */,
				F71D260C22DDA8660057D305 /* Eigenvalues */,
				F71D260D22DDA8660057D305 /* PaStiXSupport */,
				F71D260E22DDA8660057D305 /* src */,
			);
			path = Eigen;
			sourceTree = "<group>";
		};
		F71D260E22DDA8660057D305 /* src */ = {
			isa = PBXGroup;
			children = (
				F71D260F22DDA8660057D305 /* CholmodSupport */,
				F71D261222DDA8660057D305 /* misc */,
				F71D261922DDA8660057D305 /* CMakeLists.txt */,
				F71D261A22DDA8660057D305 /* Core */,
				F71D269022DDA8660057D305 /* SparseLU */,
				F71D26A322DDA8660057D305 /* OrderingMethods */,
				F71D26A822DDA8660057D305 /* plugins */,
				F71D26B122DDA8660057D305 /* Householder */,
				F71D26B622DDA8660057D305 /* PardisoSupport */,
				F71D26B922DDA8660057D305 /* SparseCore */,
				F71D26D422DDA8660057D305 /* Jacobi */,
				F71D26D722DDA8660057D305 /* SPQRSupport */,
				F71D26DA22DDA8660057D305 /* QR */,
				F71D26E122DDA8660057D305 /* Eigen2Support */,
				F71D26FF22DDA8660057D305 /* SparseQR */,
				F71D270222DDA8660057D305 /* SVD */,
				F71D270722DDA8660057D305 /* Cholesky */,
				F71D270C22DDA8660057D305 /* UmfPackSupport */,
				F71D270F22DDA8660057D305 /* IterativeLinearSolvers */,
				F71D271622DDA8660057D305 /* LU */,
				F71D272022DDA8660057D305 /* Geometry */,
				F71D273322DDA8660057D305 /* SuperLUSupport */,
				F71D273622DDA8660057D305 /* MetisSupport */,
				F71D273922DDA8660057D305 /* StlSupport */,
				F71D273F22DDA8660057D305 /* SparseCholesky */,
				F71D274322DDA8660057D305 /* Eigenvalues */,
				F71D275322DDA8660057D305 /* PaStiXSupport */,
			);
			path = src;
			sourceTree = "<group>";
		};
		F71D260F22DDA8660057D305 /* CholmodSupport */ = {
			isa = PBXGroup;
			children = (
				F71D261022DDA8660057D305 /* CMakeLists.txt */,
				F71D261122DDA8660057D305 /* CholmodSupport.h */,
			);
			path = CholmodSupport;
			sourceTree = "<group>";
		};
		F71D261222DDA8660057D305 /* misc */ = {
			isa = PBXGroup;
			children = (
				F71D261322DDA8660057D305 /* Solve.h */,
				F71D261422DDA8660057D305 /* CMakeLists.txt */,
				F71D261522DDA8660057D305 /* SparseSolve.h */,
				F71D261622DDA8660057D305 /* blas.h */,
				F71D261722DDA8660057D305 /* Kernel.h */,
				F71D261822DDA8660057D305 /* Image.h */,
			);
			path = misc;
			sourceTree = "<group>";
		};
		F71D261A22DDA8660057D305 /* Core */ = {
			isa = PBXGroup;
			children = (
				F71D261B22DDA8660057D305 /* Reverse.h */,
				F71D261C22DDA8660057D305 /* PermutationMatrix.h */,
				F71D261D22DDA8660057D305 /* Assign.h */,
				F71D261E22DDA8660057D305 /* CwiseUnaryOp.h */,
				F71D261F22DDA8660057D305 /* DiagonalMatrix.h */,
				F71D262022DDA8660057D305 /* Functors.h */,
				F71D262122DDA8660057D305 /* VectorBlock.h */,
				F71D262222DDA8660057D305 /* ReturnByValue.h */,
				F71D262322DDA8660057D305 /* CMakeLists.txt */,
				F71D262422DDA8660057D305 /* products */,
				F71D263C22DDA8660057D305 /* ProductBase.h */,
				F71D263D22DDA8660057D305 /* util */,
				F71D264B22DDA8660057D305 /* MatrixBase.h */,
				F71D264C22DDA8660057D305 /* Stride.h */,
				F71D264D22DDA8660057D305 /* Map.h */,
				F71D264E22DDA8660057D305 /* ForceAlignedAccess.h */,
				F71D264F22DDA8660057D305 /* MathFunctions.h */,
				F71D265022DDA8660057D305 /* SelfCwiseBinaryOp.h */,
				F71D265122DDA8660057D305 /* BandMatrix.h */,
				F71D265222DDA8660057D305 /* Assign_MKL.h */,
				F71D265322DDA8660057D305 /* Swap.h */,
				F71D265422DDA8660057D305 /* MapBase.h */,
				F71D265522DDA8660057D305 /* Matrix.h */,
				F71D265622DDA8660057D305 /* EigenBase.h */,
				F71D265722DDA8660057D305 /* Flagged.h */,
				F71D265822DDA8660057D305 /* StableNorm.h */,
				F71D265922DDA8660057D305 /* GenericPacketMath.h */,
				F71D265A22DDA8660057D305 /* CwiseBinaryOp.h */,
				F71D265B22DDA8660057D305 /* Visitor.h */,
				F71D265C22DDA8660057D305 /* DenseStorage.h */,
				F71D265D22DDA8660057D305 /* DiagonalProduct.h */,
				F71D265E22DDA8660057D305 /* CwiseUnaryView.h */,
				F71D265F22DDA8660057D305 /* NoAlias.h */,
				F71D266022DDA8660057D305 /* DenseCoeffsBase.h */,
				F71D266122DDA8660057D305 /* Fuzzy.h */,
				F71D266222DDA8660057D305 /* TriangularMatrix.h */,
				F71D266322DDA8660057D305 /* IO.h */,
				F71D266422DDA8660057D305 /* arch */,
				F71D267622DDA8660057D305 /* Array.h */,
				F71D267722DDA8660057D305 /* Replicate.h */,
				F71D267822DDA8660057D305 /* CoreIterators.h */,
				F71D267922DDA8660057D305 /* ArrayBase.h */,
				F71D267A22DDA8660057D305 /* Block.h */,
				F71D267B22DDA8660057D305 /* Dot.h */,
				F71D267C22DDA8660057D305 /* PlainObjectBase.h */,
				F71D267D22DDA8660057D305 /* SelfAdjointView.h */,
				F71D267E22DDA8660057D305 /* GeneralProduct.h */,
				F71D267F22DDA8660057D305 /* SolveTriangular.h */,
				F71D268022DDA8660057D305 /* CwiseNullaryOp.h */,
				F71D268122DDA8660057D305 /* VectorwiseOp.h */,
				F71D268222DDA8660057D305 /* ArrayWrapper.h */,
				F71D268322DDA8660057D305 /* BooleanRedux.h */,
				F71D268422DDA8660057D305 /* Transpositions.h */,
				F71D268522DDA8660057D305 /* NestByValue.h */,
				F71D268622DDA8660057D305 /* Ref.h */,
				F71D268722DDA8660057D305 /* Transpose.h */,
				F71D268822DDA8660057D305 /* Redux.h */,
				F71D268922DDA8660057D305 /* NumTraits.h */,
				F71D268A22DDA8660057D305 /* CommaInitializer.h */,
				F71D268B22DDA8660057D305 /* GlobalFunctions.h */,
				F71D268C22DDA8660057D305 /* Random.h */,
				F71D268D22DDA8660057D305 /* Diagonal.h */,
				F71D268E22DDA8660057D305 /* DenseBase.h */,
				F71D268F22DDA8660057D305 /* Select.h */,
			);
			path = Core;
			sourceTree = "<group>";
		};
		F71D262422DDA8660057D305 /* products */ = {
			isa = PBXGroup;
			children = (
				F71D262522DDA8660057D305 /* SelfadjointRank2Update.h */,
				F71D262622DDA8660057D305 /* GeneralBlockPanelKernel.h */,
				F71D262722DDA8660057D305 /* CMakeLists.txt */,
				F71D262822DDA8660057D305 /* TriangularSolverMatrix_MKL.h */,
				F71D262922DDA8660057D305 /* GeneralMatrixMatrix.h */,
				F71D262A22DDA8660057D305 /* Parallelizer.h */,
				F71D262B22DDA8660057D305 /* GeneralMatrixMatrixTriangular.h */,
				F71D262C22DDA8660057D305 /* GeneralMatrixVector_MKL.h */,
				F71D262D22DDA8660057D305 /* CoeffBasedProduct.h */,
				F71D262E22DDA8660057D305 /* TriangularMatrixVector.h */,
				F71D262F22DDA8660057D305 /* SelfadjointMatrixVector.h */,
				F71D263022DDA8660057D305 /* TriangularSolverMatrix.h */,
				F71D263122DDA8660057D305 /* GeneralMatrixMatrixTriangular_MKL.h */,
				F71D263222DDA8660057D305 /* GeneralMatrixMatrix_MKL.h */,
				F71D263322DDA8660057D305 /* GeneralMatrixVector.h */,
				F71D263422DDA8660057D305 /* TriangularMatrixMatrix_MKL.h */,
				F71D263522DDA8660057D305 /* SelfadjointProduct.h */,
				F71D263622DDA8660057D305 /* TriangularMatrixVector_MKL.h */,
				F71D263722DDA8660057D305 /* SelfadjointMatrixMatrix_MKL.h */,
				F71D263822DDA8660057D305 /* TriangularSolverVector.h */,
				F71D263922DDA8660057D305 /* SelfadjointMatrixVector_MKL.h */,
				F71D263A22DDA8660057D305 /* TriangularMatrixMatrix.h */,
				F71D263B22DDA8660057D305 /* SelfadjointMatrixMatrix.h */,
			);
			path = products;
			sourceTree = "<group>";
		};
		F71D263D22DDA8660057D305 /* util */ = {
			isa = PBXGroup;
			children = (
				F71D263E22DDA8660057D305 /* NonMPL2.h */,
				F71D263F22DDA8660057D305 /* CMakeLists.txt */,
				F71D264022DDA8660057D305 /* BlasUtil.h */,
				F71D264122DDA8660057D305 /* StaticAssert.h */,
				F71D264222DDA8660057D305 /* Constants.h */,
				F71D264322DDA8660057D305 /* XprHelper.h */,
				F71D264422DDA8660057D305 /* MKL_support.h */,
				F71D264522DDA8660057D305 /* Macros.h */,
				F71D264622DDA8660057D305 /* DisableStupidWarnings.h */,
				F71D264722DDA8660057D305 /* ForwardDeclarations.h */,
				F71D264822DDA8660057D305 /* Memory.h */,
				F71D264922DDA8660057D305 /* Meta.h */,
				F71D264A22DDA8660057D305 /* ReenableStupidWarnings.h */,
			);
			path = util;
			sourceTree = "<group>";
		};
		F71D266422DDA8660057D305 /* arch */ = {
			isa = PBXGroup;
			children = (
				F71D266522DDA8660057D305 /* SSE */,
				F71D266A22DDA8660057D305 /* CMakeLists.txt */,
				F71D266B22DDA8660057D305 /* Default */,
				F71D266E22DDA8660057D305 /* NEON */,
				F71D267222DDA8660057D305 /* AltiVec */,
			);
			path = arch;
			sourceTree = "<group>";
		};
		F71D266522DDA8660057D305 /* SSE */ = {
			isa = PBXGroup;
			children = (
				F71D266622DDA8660057D305 /* PacketMath.h */,
				F71D266722DDA8660057D305 /* CMakeLists.txt */,
				F71D266822DDA8660057D305 /* MathFunctions.h */,
				F71D266922DDA8660057D305 /* Complex.h */,
			);
			path = SSE;
			sourceTree = "<group>";
		};
		F71D266B22DDA8660057D305 /* Default */ = {
			isa = PBXGroup;
			children = (
				F71D266C22DDA8660057D305 /* CMakeLists.txt */,
				F71D266D22DDA8660057D305 /* Settings.h */,
			);
			path = Default;
			sourceTree = "<group>";
		};
		F71D266E22DDA8660057D305 /* NEON */ = {
			isa = PBXGroup;
			children = (
				F71D266F22DDA8660057D305 /* PacketMath.h */,
				F71D267022DDA8660057D305 /* CMakeLists.txt */,
				F71D267122DDA8660057D305 /* Complex.h */,
			);
			path = NEON;
			sourceTree = "<group>";
		};
		F71D267222DDA8660057D305 /* AltiVec */ = {
			isa = PBXGroup;
			children = (
				F71D267322DDA8660057D305 /* PacketMath.h */,
				F71D267422DDA8660057D305 /* CMakeLists.txt */,
				F71D267522DDA8660057D305 /* Complex.h */,
			);
			path = AltiVec;
			sourceTree = "<group>";
		};
		F71D269022DDA8660057D305 /* SparseLU */ = {
			isa = PBXGroup;
			children = (
				F71D269122DDA8660057D305 /* SparseLU_Utils.h */,
				F71D269222DDA8660057D305 /* SparseLU_kernel_bmod.h */,
				F71D269322DDA8660057D305 /* SparseLU_column_bmod.h */,
				F71D269422DDA8660057D305 /* CMakeLists.txt */,
				F71D269522DDA8660057D305 /* SparseLU_gemm_kernel.h */,
				F71D269622DDA8660057D305 /* SparseLU.h */,
				F71D269722DDA8660057D305 /* SparseLU_column_dfs.h */,
				F71D269822DDA8660057D305 /* SparseLU_panel_dfs.h */,
				F71D269922DDA8660057D305 /* SparseLU_relax_snode.h */,
				F71D269A22DDA8660057D305 /* SparseLU_heap_relax_snode.h */,
				F71D269B22DDA8660057D305 /* SparseLU_panel_bmod.h */,
				F71D269C22DDA8660057D305 /* SparseLU_Structs.h */,
				F71D269D22DDA8660057D305 /* SparseLU_pruneL.h */,
				F71D269E22DDA8660057D305 /* SparseLU_copy_to_ucol.h */,
				F71D269F22DDA8660057D305 /* SparseLU_Memory.h */,
				F71D26A022DDA8660057D305 /* SparseLU_pivotL.h */,
				F71D26A122DDA8660057D305 /* SparseLUImpl.h */,
				F71D26A222DDA8660057D305 /* SparseLU_SupernodalMatrix.h */,
			);
			path = SparseLU;
			sourceTree = "<group>";
		};
		F71D26A322DDA8660057D305 /* OrderingMethods */ = {
			isa = PBXGroup;
			children = (
				F71D26A422DDA8660057D305 /* CMakeLists.txt */,
				F71D26A522DDA8660057D305 /* Ordering.h */,
				F71D26A622DDA8660057D305 /* Eigen_Colamd.h */,
				F71D26A722DDA8660057D305 /* Amd.h */,
			);
			path = OrderingMethods;
			sourceTree = "<group>";
		};
		F71D26A822DDA8660057D305 /* plugins */ = {
			isa = PBXGroup;
			children = (
				F71D26A922DDA8660057D305 /* ArrayCwiseUnaryOps.h */,
				F71D26AA22DDA8660057D305 /* CMakeLists.txt */,
				F71D26AB22DDA8660057D305 /* CommonCwiseUnaryOps.h */,
				F71D26AC22DDA8660057D305 /* BlockMethods.h */,
				F71D26AD22DDA8660057D305 /* ArrayCwiseBinaryOps.h */,
				F71D26AE22DDA8660057D305 /* MatrixCwiseBinaryOps.h */,
				F71D26AF22DDA8660057D305 /* CommonCwiseBinaryOps.h */,
				F71D26B022DDA8660057D305 /* MatrixCwiseUnaryOps.h */,
			);
			path = plugins;
			sourceTree = "<group>";
		};
		F71D26B122DDA8660057D305 /* Householder */ = {
			isa = PBXGroup;
			children = (
				F71D26B222DDA8660057D305 /* HouseholderSequence.h */,
				F71D26B322DDA8660057D305 /* CMakeLists.txt */,
				F71D26B422DDA8660057D305 /* Householder.h */,
				F71D26B522DDA8660057D305 /* BlockHouseholder.h */,
			);
			path = Householder;
			sourceTree = "<group>";
		};
		F71D26B622DDA8660057D305 /* PardisoSupport */ = {
			isa = PBXGroup;
			children = (
				F71D26B722DDA8660057D305 /* CMakeLists.txt */,
				F71D26B822DDA8660057D305 /* PardisoSupport.h */,
			);
			path = PardisoSupport;
			sourceTree = "<group>";
		};
		F71D26B922DDA8660057D305 /* SparseCore */ = {
			isa = PBXGroup;
			children = (
				F71D26BA22DDA8660057D305 /* SparseSelfAdjointView.h */,
				F71D26BB22DDA8660057D305 /* SparseMatrix.h */,
				F71D26BC22DDA8660057D305 /* CompressedStorage.h */,
				F71D26BD22DDA8660057D305 /* CMakeLists.txt */,
				F71D26BE22DDA8660057D305 /* SparseCwiseBinaryOp.h */,
				F71D26BF22DDA8660057D305 /* SparseView.h */,
				F71D26C022DDA8660057D305 /* SparseColEtree.h */,
				F71D26C122DDA8660057D305 /* SparseMatrixBase.h */,
				F71D26C222DDA8660057D305 /* SparseDiagonalProduct.h */,
				F71D26C322DDA8660057D305 /* SparseTriangularView.h */,
				F71D26C422DDA8660057D305 /* SparsePermutation.h */,
				F71D26C522DDA8660057D305 /* SparseCwiseUnaryOp.h */,
				F71D26C622DDA8660057D305 /* SparseDenseProduct.h */,
				F71D26C722DDA8660057D305 /* SparseFuzzy.h */,
				F71D26C822DDA8660057D305 /* MappedSparseMatrix.h */,
				F71D26C922DDA8660057D305 /* SparseSparseProductWithPruning.h */,
				F71D26CA22DDA8660057D305 /* SparseBlock.h */,
				F71D26CB22DDA8660057D305 /* TriangularSolver.h */,
				F71D26CC22DDA8660057D305 /* SparseVector.h */,
				F71D26CD22DDA8660057D305 /* SparseTranspose.h */,
				F71D26CE22DDA8660057D305 /* SparseProduct.h */,
				F71D26CF22DDA8660057D305 /* AmbiVector.h */,
				F71D26D022DDA8660057D305 /* SparseRedux.h */,
				F71D26D122DDA8660057D305 /* ConservativeSparseSparseProduct.h */,
				F71D26D222DDA8660057D305 /* SparseUtil.h */,
				F71D26D322DDA8660057D305 /* SparseDot.h */,
			);
			path = SparseCore;
			sourceTree = "<group>";
		};
		F71D26D422DDA8660057D305 /* Jacobi */ = {
			isa = PBXGroup;
			children = (
				F71D26D522DDA8660057D305 /* CMakeLists.txt */,
				F71D26D622DDA8660057D305 /* Jacobi.h */,
			);
			path = Jacobi;
			sourceTree = "<group>";
		};
		F71D26D722DDA8660057D305 /* SPQRSupport */ = {
			isa = PBXGroup;
			children = (
				F71D26D822DDA8660057D305 /* CMakeLists.txt */,
				F71D26D922DDA8660057D305 /* SuiteSparseQRSupport.h */,
			);
			path = SPQRSupport;
			sourceTree = "<group>";
		};
		F71D26DA22DDA8660057D305 /* QR */ = {
			isa = PBXGroup;
			children = (
				F71D26DB22DDA8660057D305 /* HouseholderQR_MKL.h */,
				F71D26DC22DDA8660057D305 /* FullPivHouseholderQR.h */,
				F71D26DD22DDA8660057D305 /* CMakeLists.txt */,
				F71D26DE22DDA8660057D305 /* HouseholderQR.h */,
				F71D26DF22DDA8660057D305 /* ColPivHouseholderQR.h */,
				F71D26E022DDA8660057D305 /* ColPivHouseholderQR_MKL.h */,
			);
			path = QR;
			sourceTree = "<group>";
		};
		F71D26E122DDA8660057D305 /* Eigen2Support */ = {
			isa = PBXGroup;
			children = (
				F71D26E222DDA8660057D305 /* VectorBlock.h */,
				F71D26E322DDA8660057D305 /* LU.h */,
				F71D26E422DDA8660057D305 /* CMakeLists.txt */,
				F71D26E522DDA8660057D305 /* SVD.h */,
				F71D26E622DDA8660057D305 /* CwiseOperators.h */,
				F71D26E722DDA8660057D305 /* MathFunctions.h */,
				F71D26E822DDA8660057D305 /* QR.h */,
				F71D26E922DDA8660057D305 /* Cwise.h */,
				F71D26EA22DDA8660057D305 /* LeastSquares.h */,
				F71D26EB22DDA8660057D305 /* Macros.h */,
				F71D26EC22DDA8660057D305 /* TriangularSolver.h */,
				F71D26ED22DDA8660057D305 /* Lazy.h */,
				F71D26EE22DDA8660057D305 /* Block.h */,
				F71D26EF22DDA8660057D305 /* Memory.h */,
				F71D26F022DDA8660057D305 /* Geometry */,
				F71D26FD22DDA8660057D305 /* Minor.h */,
				F71D26FE22DDA8660057D305 /* Meta.h */,
			);
			path = Eigen2Support;
			sourceTree = "<group>";
		};
		F71D26F022DDA8660057D305 /* Geometry */ = {
			isa = PBXGroup;
			children = (
				F71D26F122DDA8660057D305 /* AngleAxis.h */,
				F71D26F222DDA8660057D305 /* RotationBase.h */,
				F71D26F322DDA8660057D305 /* CMakeLists.txt */,
				F71D26F422DDA8660057D305 /* Hyperplane.h */,
				F71D26F522DDA8660057D305 /* All.h */,
				F71D26F622DDA8660057D305 /* AlignedBox.h */,
				F71D26F722DDA8660057D305 /* Quaternion.h */,
				F71D26F822DDA8660057D305 /* Translation.h */,
				F71D26F922DDA8660057D305 /* Scaling.h */,
				F71D26FA22DDA8660057D305 /* Rotation2D.h */,
				F71D26FB22DDA8660057D305 /* Transform.h */,
				F71D26FC22DDA8660057D305 /* ParametrizedLine.h */,
			);
			path = Geometry;
			sourceTree = "<group>";
		};
		F71D26FF22DDA8660057D305 /* SparseQR */ = {
			isa = PBXGroup;
			children = (
				F71D270022DDA8660057D305 /* CMakeLists.txt */,
				F71D270122DDA8660057D305 /* SparseQR.h */,
			);
			path = SparseQR;
			sourceTree = "<group>";
		};
		F71D270222DDA8660057D305 /* SVD */ = {
			isa = PBXGroup;
			children = (
				F71D270322DDA8660057D305 /* CMakeLists.txt */,
				F71D270422DDA8660057D305 /* JacobiSVD.h */,
				F71D270522DDA8660057D305 /* UpperBidiagonalization.h */,
				F71D270622DDA8660057D305 /* JacobiSVD_MKL.h */,
			);
			path = SVD;
			sourceTree = "<group>";
		};
		F71D270722DDA8660057D305 /* Cholesky */ = {
			isa = PBXGroup;
			children = (
				F71D270822DDA8660057D305 /* LLT_MKL.h */,
				F71D270922DDA8660057D305 /* CMakeLists.txt */,
				F71D270A22DDA8660057D305 /* LDLT.h */,
				F71D270B22DDA8660057D305 /* LLT.h */,
			);
			path = Cholesky;
			sourceTree = "<group>";
		};
		F71D270C22DDA8660057D305 /* UmfPackSupport */ = {
			isa = PBXGroup;
			children = (
				F71D270D22DDA8660057D305 /* CMakeLists.txt */,
				F71D270E22DDA8660057D305 /* UmfPackSupport.h */,
			);
			path = UmfPackSupport;
			sourceTree = "<group>";
		};
		F71D270F22DDA8660057D305 /* IterativeLinearSolvers */ = {
			isa = PBXGroup;
			children = (
				F71D271022DDA8660057D305 /* BasicPreconditioners.h */,
				F71D271122DDA8660057D305 /* CMakeLists.txt */,
				F71D271222DDA8660057D305 /* IncompleteLUT.h */,
				F71D271322DDA8660057D305 /* ConjugateGradient.h */,
				F71D271422DDA8660057D305 /* BiCGSTAB.h */,
				F71D271522DDA8660057D305 /* IterativeSolverBase.h */,
			);
			path = IterativeLinearSolvers;
			sourceTree = "<group>";
		};
		F71D271622DDA8660057D305 /* LU */ = {
			isa = PBXGroup;
			children = (
				F71D271722DDA8660057D305 /* CMakeLists.txt */,
				F71D271822DDA8660057D305 /* Inverse.h */,
				F71D271922DDA8660057D305 /* Determinant.h */,
				F71D271A22DDA8660057D305 /* arch */,
				F71D271D22DDA8660057D305 /* PartialPivLU.h */,
				F71D271E22DDA8660057D305 /* FullPivLU.h */,
				F71D271F22DDA8660057D305 /* PartialPivLU_MKL.h */,
			);
			path = LU;
			sourceTree = "<group>";
		};
		F71D271A22DDA8660057D305 /* arch */ = {
			isa = PBXGroup;
			children = (
				F71D271B22DDA8660057D305 /* Inverse_SSE.h */,
				F71D271C22DDA8660057D305 /* CMakeLists.txt */,
			);
			path = arch;
			sourceTree = "<group>";
		};
		F71D272022DDA8660057D305 /* Geometry */ = {
			isa = PBXGroup;
			children = (
				F71D272122DDA8660057D305 /* AngleAxis.h */,
				F71D272222DDA8660057D305 /* RotationBase.h */,
				F71D272322DDA8660057D305 /* CMakeLists.txt */,
				F71D272422DDA8660057D305 /* EulerAngles.h */,
				F71D272522DDA8660057D305 /* Hyperplane.h */,
				F71D272622DDA8660057D305 /* Homogeneous.h */,
				F71D272722DDA8660057D305 /* AlignedBox.h */,
				F71D272822DDA8660057D305 /* Quaternion.h */,
				F71D272922DDA8660057D305 /* Umeyama.h */,
				F71D272A22DDA8660057D305 /* Translation.h */,
				F71D272B22DDA8660057D305 /* Scaling.h */,
				F71D272C22DDA8660057D305 /* OrthoMethods.h */,
				F71D272D22DDA8660057D305 /* Rotation2D.h */,
				F71D272E22DDA8660057D305 /* arch */,
				F71D273122DDA8660057D305 /* Transform.h */,
				F71D273222DDA8660057D305 /* ParametrizedLine.h */,
			);
			path = Geometry;
			sourceTree = "<group>";
		};
		F71D272E22DDA8660057D305 /* arch */ = {
			isa = PBXGroup;
			children = (
				F71D272F22DDA8660057D305 /* CMakeLists.txt */,
				F71D273022DDA8660057D305 /* Geometry_SSE.h */,
			);
			path = arch;
			sourceTree = "<group>";
		};
		F71D273322DDA8660057D305 /* SuperLUSupport */ = {
			isa = PBXGroup;
			children = (
				F71D273422DDA8660057D305 /* CMakeLists.txt */,
				F71D273522DDA8660057D305 /* SuperLUSupport.h */,
			);
			path = SuperLUSupport;
			sourceTree = "<group>";
		};
		F71D273622DDA8660057D305 /* MetisSupport */ = {
			isa = PBXGroup;
			children = (
				F71D273722DDA8660057D305 /* CMakeLists.txt */,
				F71D273822DDA8660057D305 /* MetisSupport.h */,
			);
			path = MetisSupport;
			sourceTree = "<group>";
		};
		F71D273922DDA8660057D305 /* StlSupport */ = {
			isa = PBXGroup;
			children = (
				F71D273A22DDA8660057D305 /* CMakeLists.txt */,
				F71D273B22DDA8660057D305 /* StdList.h */,
				F71D273C22DDA8660057D305 /* StdDeque.h */,
				F71D273D22DDA8660057D305 /* details.h */,
				F71D273E22DDA8660057D305 /* StdVector.h */,
			);
			path = StlSupport;
			sourceTree = "<group>";
		};
		F71D273F22DDA8660057D305 /* SparseCholesky */ = {
			isa = PBXGroup;
			children = (
				F71D274022DDA8660057D305 /* CMakeLists.txt */,
				F71D274122DDA8660057D305 /* SimplicialCholesky_impl.h */,
				F71D274222DDA8660057D305 /* SimplicialCholesky.h */,
			);
			path = SparseCholesky;
			sourceTree = "<group>";
		};
		F71D274322DDA8660057D305 /* Eigenvalues */ = {
			isa = PBXGroup;
			children = (
				F71D274422DDA8660057D305 /* GeneralizedEigenSolver.h */,
				F71D274522DDA8660057D305 /* EigenSolver.h */,
				F71D274622DDA8660057D305 /* CMakeLists.txt */,
				F71D274722DDA8660057D305 /* RealSchur.h */,
				F71D274822DDA8660057D305 /* Tridiagonalization.h */,
				F71D274922DDA8660057D305 /* HessenbergDecomposition.h */,
				F71D274A22DDA8660057D305 /* RealSchur_MKL.h */,
				F71D274B22DDA8660057D305 /* ComplexEigenSolver.h */,
				F71D274C22DDA8660057D305 /* GeneralizedSelfAdjointEigenSolver.h */,
				F71D274D22DDA8660057D305 /* ComplexSchur_MKL.h */,
				F71D274E22DDA8660057D305 /* SelfAdjointEigenSolver_MKL.h */,
				F71D274F22DDA8660057D305 /* ComplexSchur.h */,
				F71D275022DDA8660057D305 /* SelfAdjointEigenSolver.h */,
				F71D275122DDA8660057D305 /* RealQZ.h */,
				F71D275222DDA8660057D305 /* MatrixBaseEigenvalues.h */,
			);
			path = Eigenvalues;
			sourceTree = "<group>";
		};
		F71D275322DDA8660057D305 /* PaStiXSupport */ = {
			isa = PBXGroup;
			children = (
				F71D275422DDA8660057D305 /* CMakeLists.txt */,
				F71D275522DDA8660057D305 /* PaStiXSupport.h */,
			);
			path = PaStiXSupport;
			sourceTree = "<group>";
		};
		F71D275D22DDA8660057D305 /* data */ = {
			isa = PBXGroup;
			children = (
				F71D275E22DDA8660057D305 /* obj_pose-laser-radar-synthetic-input.txt */,
			);
			path = data;
			sourceTree = "<group>";
		};
		F71D275F22DDA8660057D305 /* ide_profiles */ = {
			isa = PBXGroup;
			children = (
				F71D276022DDA8660057D305 /* xcode */,
				F71D276B22DDA8660057D305 /* Eclipse */,
				F71D277222DDA8660057D305 /* README.md */,
			);
			path = ide_profiles;
			sourceTree = "<group>";
		};
		F71D276022DDA8660057D305 /* xcode */ = {
			isa = PBXGroup;
			children = (
				F71D276122DDA8660057D305 /* images */,
				F71D276A22DDA8660057D305 /* README.md */,
			);
			path = xcode;
			sourceTree = "<group>";
		};
		F71D276122DDA8660057D305 /* images */ = {
			isa = PBXGroup;
			children = (
				F71D276222DDA8660057D305 /* at_breakpoint.png */,
				F71D276322DDA8660057D305 /* schemes_location.png */,
				F71D276422DDA8660057D305 /* scheme_selection.png */,
				F71D276522DDA8660057D305 /* arguments_tab.png */,
				F71D276622DDA8660057D305 /* build_button.png */,
				F71D276722DDA8660057D305 /* breakpoint.png */,
				F71D276822DDA8660057D305 /* arguments_selection.png */,
				F71D276922DDA8660057D305 /* edit_scheme.png */,
			);
			path = images;
			sourceTree = "<group>";
		};
		F71D276B22DDA8660057D305 /* Eclipse */ = {
			isa = PBXGroup;
			children = (
				F71D276C22DDA8660057D305 /* images */,
				F71D277122DDA8660057D305 /* README.md */,
			);
			path = Eclipse;
			sourceTree = "<group>";
		};
		F71D276C22DDA8660057D305 /* images */ = {
			isa = PBXGroup;
			children = (
				F71D276D22DDA8660057D305 /* Capture-EclipseMenuFileImport.jpg */,
				F71D276E22DDA8660057D305 /* Capture-Final.png */,
				F71D276F22DDA8660057D305 /* Capture-Import-2.png */,
				F71D277022DDA8660057D305 /* Capture-EclipseProjectsIntoWorkspace.jpg */,
			);
			path = images;
			sourceTree = "<group>";
		};
		F71D277522DDA8660057D305 /* Docs */ = {
			isa = PBXGroup;
			children = (
				F71D277622DDA8660057D305 /* Input_Output File Format.txt */,
				F71D277722DDA8660057D305 /* Data_Flow_Doc.txt */,
			);
			path = Docs;
			sourceTree = "<group>";
		};
/* End PBXGroup section */

/* Begin PBXLegacyTarget section */
		F71D25DE22DDA85A0057D305 /* CarND-Extended-Kalman-Filter-Project-new-2 */ = {
			isa = PBXLegacyTarget;
			buildArgumentsString = "$(ACTION)";
			buildConfigurationList = F71D25E122DDA85A0057D305 /* Build configuration list for PBXLegacyTarget "CarND-Extended-Kalman-Filter-Project-new-2" */;
			buildPhases = (
			);
			buildToolPath = /usr/bin/make;
			dependencies = (
			);
			name = "CarND-Extended-Kalman-Filter-Project-new-2";
			passBuildSettingsInEnvironment = 1;
			productName = "CarND-Extended-Kalman-Filter-Project-new-2";
		};
/* End PBXLegacyTarget section */

/* Begin PBXProject section */
		F71D25DA22DDA85A0057D305 /* Project object */ = {
			isa = PBXProject;
			attributes = {
				LastUpgradeCheck = 1020;
				ORGANIZATIONNAME = Gleb;
				TargetAttributes = {
					F71D25DE22DDA85A0057D305 = {
						CreatedOnToolsVersion = 10.2.1;
					};
				};
			};
			buildConfigurationList = F71D25DD22DDA85A0057D305 /* Build configuration list for PBXProject "CarND-Extended-Kalman-Filter-Project-new-2" */;
			compatibilityVersion = "Xcode 9.3";
			developmentRegion = en;
			hasScannedForEncodings = 0;
			knownRegions = (
				en,
			);
			mainGroup = F71D25D922DDA85A0057D305;
			projectDirPath = "";
			projectRoot = "";
			targets = (
				F71D25DE22DDA85A0057D305 /* CarND-Extended-Kalman-Filter-Project-new-2 */,
			);
		};
/* End PBXProject section */

/* Begin XCBuildConfiguration section */
		F71D25DF22DDA85A0057D305 /* Debug */ = {
			isa = XCBuildConfiguration;
			buildSettings = {
				ALWAYS_SEARCH_USER_PATHS = NO;
				CLANG_ANALYZER_NONNULL = YES;
				CLANG_ANALYZER_NUMBER_OBJECT_CONVERSION = YES_AGGRESSIVE;
				CLANG_CXX_LANGUAGE_STANDARD = "gnu++14";
				CLANG_CXX_LIBRARY = "libc++";
				CLANG_ENABLE_MODULES = YES;
				CLANG_ENABLE_OBJC_ARC = YES;
				CLANG_ENABLE_OBJC_WEAK = YES;
				CLANG_WARN_BLOCK_CAPTURE_AUTORELEASING = YES;
				CLANG_WARN_BOOL_CONVERSION = YES;
				CLANG_WARN_COMMA = YES;
				CLANG_WARN_CONSTANT_CONVERSION = YES;
				CLANG_WARN_DEPRECATED_OBJC_IMPLEMENTATIONS = YES;
				CLANG_WARN_DIRECT_OBJC_ISA_USAGE = YES_ERROR;
				CLANG_WARN_DOCUMENTATION_COMMENTS = YES;
				CLANG_WARN_EMPTY_BODY = YES;
				CLANG_WARN_ENUM_CONVERSION = YES;
				CLANG_WARN_INFINITE_RECURSION = YES;
				CLANG_WARN_INT_CONVERSION = YES;
				CLANG_WARN_NON_LITERAL_NULL_CONVERSION = YES;
				CLANG_WARN_OBJC_IMPLICIT_RETAIN_SELF = YES;
				CLANG_WARN_OBJC_LITERAL_CONVERSION = YES;
				CLANG_WARN_OBJC_ROOT_CLASS = YES_ERROR;
				CLANG_WARN_RANGE_LOOP_ANALYSIS = YES;
				CLANG_WARN_STRICT_PROTOTYPES = YES;
				CLANG_WARN_SUSPICIOUS_MOVE = YES;
				CLANG_WARN_UNGUARDED_AVAILABILITY = YES_AGGRESSIVE;
				CLANG_WARN_UNREACHABLE_CODE = YES;
				CLANG_WARN__DUPLICATE_METHOD_MATCH = YES;
				COPY_PHASE_STRIP = NO;
				DEBUG_INFORMATION_FORMAT = dwarf;
				ENABLE_STRICT_OBJC_MSGSEND = YES;
				ENABLE_TESTABILITY = YES;
				GCC_C_LANGUAGE_STANDARD = gnu11;
				GCC_DYNAMIC_NO_PIC = NO;
				GCC_NO_COMMON_BLOCKS = YES;
				GCC_OPTIMIZATION_LEVEL = 0;
				GCC_PREPROCESSOR_DEFINITIONS = (
					"DEBUG=1",
					"$(inherited)",
				);
				GCC_WARN_64_TO_32_BIT_CONVERSION = YES;
				GCC_WARN_ABOUT_RETURN_TYPE = YES_ERROR;
				GCC_WARN_UNDECLARED_SELECTOR = YES;
				GCC_WARN_UNINITIALIZED_AUTOS = YES_AGGRESSIVE;
				GCC_WARN_UNUSED_FUNCTION = YES;
				GCC_WARN_UNUSED_VARIABLE = YES;
				MTL_ENABLE_DEBUG_INFO = INCLUDE_SOURCE;
				MTL_FAST_MATH = YES;
				ONLY_ACTIVE_ARCH = YES;
			};
			name = Debug;
		};
		F71D25E022DDA85A0057D305 /* Release */ = {
			isa = XCBuildConfiguration;
			buildSettings = {
				ALWAYS_SEARCH_USER_PATHS = NO;
				CLANG_ANALYZER_NONNULL = YES;
				CLANG_ANALYZER_NUMBER_OBJECT_CONVERSION = YES_AGGRESSIVE;
				CLANG_CXX_LANGUAGE_STANDARD = "gnu++14";
				CLANG_CXX_LIBRARY = "libc++";
				CLANG_ENABLE_MODULES = YES;
				CLANG_ENABLE_OBJC_ARC = YES;
				CLANG_ENABLE_OBJC_WEAK = YES;
				CLANG_WARN_BLOCK_CAPTURE_AUTORELEASING = YES;
				CLANG_WARN_BOOL_CONVERSION = YES;
				CLANG_WARN_COMMA = YES;
				CLANG_WARN_CONSTANT_CONVERSION = YES;
				CLANG_WARN_DEPRECATED_OBJC_IMPLEMENTATIONS = YES;
				CLANG_WARN_DIRECT_OBJC_ISA_USAGE = YES_ERROR;
				CLANG_WARN_DOCUMENTATION_COMMENTS = YES;
				CLANG_WARN_EMPTY_BODY = YES;
				CLANG_WARN_ENUM_CONVERSION = YES;
				CLANG_WARN_INFINITE_RECURSION = YES;
				CLANG_WARN_INT_CONVERSION = YES;
				CLANG_WARN_NON_LITERAL_NULL_CONVERSION = YES;
				CLANG_WARN_OBJC_IMPLICIT_RETAIN_SELF = YES;
				CLANG_WARN_OBJC_LITERAL_CONVERSION = YES;
				CLANG_WARN_OBJC_ROOT_CLASS = YES_ERROR;
				CLANG_WARN_RANGE_LOOP_ANALYSIS = YES;
				CLANG_WARN_STRICT_PROTOTYPES = YES;
				CLANG_WARN_SUSPICIOUS_MOVE = YES;
				CLANG_WARN_UNGUARDED_AVAILABILITY = YES_AGGRESSIVE;
				CLANG_WARN_UNREACHABLE_CODE = YES;
				CLANG_WARN__DUPLICATE_METHOD_MATCH = YES;
				COPY_PHASE_STRIP = NO;
				DEBUG_INFORMATION_FORMAT = "dwarf-with-dsym";
				ENABLE_NS_ASSERTIONS = NO;
				ENABLE_STRICT_OBJC_MSGSEND = YES;
				GCC_C_LANGUAGE_STANDARD = gnu11;
				GCC_NO_COMMON_BLOCKS = YES;
				GCC_WARN_64_TO_32_BIT_CONVERSION = YES;
				GCC_WARN_ABOUT_RETURN_TYPE = YES_ERROR;
				GCC_WARN_UNDECLARED_SELECTOR = YES;
				GCC_WARN_UNINITIALIZED_AUTOS = YES_AGGRESSIVE;
				GCC_WARN_UNUSED_FUNCTION = YES;
				GCC_WARN_UNUSED_VARIABLE = YES;
				MTL_ENABLE_DEBUG_INFO = NO;
				MTL_FAST_MATH = YES;
			};
			name = Release;
		};
		F71D25E222DDA85A0057D305 /* Debug */ = {
			isa = XCBuildConfiguration;
			buildSettings = {
				CODE_SIGN_STYLE = Automatic;
				DEBUGGING_SYMBOLS = YES;
				DEBUG_INFORMATION_FORMAT = dwarf;
				DEVELOPMENT_TEAM = GSUNJHG59Z;
				GCC_GENERATE_DEBUGGING_SYMBOLS = YES;
				GCC_OPTIMIZATION_LEVEL = 0;
				OTHER_CFLAGS = "";
				OTHER_LDFLAGS = "";
				PRODUCT_NAME = "$(TARGET_NAME)";
			};
			name = Debug;
		};
		F71D25E322DDA85A0057D305 /* Release */ = {
			isa = XCBuildConfiguration;
			buildSettings = {
				CODE_SIGN_STYLE = Automatic;
				DEBUG_INFORMATION_FORMAT = "dwarf-with-dsym";
				DEVELOPMENT_TEAM = GSUNJHG59Z;
				OTHER_CFLAGS = "";
				OTHER_LDFLAGS = "";
				PRODUCT_NAME = "$(TARGET_NAME)";
			};
			name = Release;
		};
/* End XCBuildConfiguration section */

/* Begin XCConfigurationList section */
		F71D25DD22DDA85A0057D305 /* Build configuration list for PBXProject "CarND-Extended-Kalman-Filter-Project-new-2" */ = {
			isa = XCConfigurationList;
			buildConfigurations = (
				F71D25DF22DDA85A0057D305 /* Debug */,
				F71D25E022DDA85A0057D305 /* Release */,
			);
			defaultConfigurationIsVisible = 0;
			defaultConfigurationName = Release;
		};
		F71D25E122DDA85A0057D305 /* Build configuration list for PBXLegacyTarget "CarND-Extended-Kalman-Filter-Project-new-2" */ = {
			isa = XCConfigurationList;
			buildConfigurations = (
				F71D25E222DDA85A0057D305 /* Debug */,
				F71D25E322DDA85A0057D305 /* Release */,
			);
			defaultConfigurationIsVisible = 0;
			defaultConfigurationName = Release;
		};
/* End XCConfigurationList section */
	};
	rootObject = F71D25DA22DDA85A0057D305 /* Project object */;
}
